
Microsoft Visual Studio Solution File, Format Version 12.00
# Visual Studio 15
VisualStudioVersion = 15.0.27428.2005
MinimumVisualStudioVersion = 10.0.40219.1
Project("{2150E333-8FDC-42A3-9474-1A3956D46DE8}") = "01. Arrays", "01. Arrays", "{D1296190-A280-431E-AEBF-F176E32CBF59}"
EndProject
Project("{2150E333-8FDC-42A3-9474-1A3956D46DE8}") = "02. Strings", "02. Strings", "{B653B59D-F3B7-4F55-80AA-9C38B87711AA}"
EndProject
Project("{2150E333-8FDC-42A3-9474-1A3956D46DE8}") = "03. Exception Handling", "03. Exception Handling", "{5D709F5D-B28A-44B7-9074-EC916908D37C}"
EndProject
Project("{2150E333-8FDC-42A3-9474-1A3956D46DE8}") = "04. Methods", "04. Methods", "{D639E198-F765-4E25-9068-AE53FFF2F7CD}"
EndProject
Project("{9A19103F-16F7-4668-BE54-9A1E7A4F7556}") = "01. Allocate array", "01. Arrays\01. Allocate array\01. Allocate array.csproj", "{76D8E53F-C5F0-4EF0-A882-3C0107E72179}"
EndProject
Project("{9A19103F-16F7-4668-BE54-9A1E7A4F7556}") = "02. Compare arrays", "01. Arrays\02. Compare arrays\02. Compare arrays.csproj", "{E83C7EA3-8568-4A4D-ACB3-EFB8327CBA28}"
EndProject
Project("{9A19103F-16F7-4668-BE54-9A1E7A4F7556}") = "03. Compare char arrays", "01. Arrays\03. Compare char arrays\03. Compare char arrays.csproj", "{B91AD5B8-D883-4AE4-B7E9-5FEF489826E9}"
EndProject
Project("{9A19103F-16F7-4668-BE54-9A1E7A4F7556}") = "04. Maximal sequence", "01. Arrays\04. Maximal sequence\04. Maximal sequence.csproj", "{4939A772-2D72-4743-8D8F-8E4C1A7E8421}"
EndProject
Project("{9A19103F-16F7-4668-BE54-9A1E7A4F7556}") = "05. Maximal increasing sequence", "01. Arrays\05. Maximal increasing sequence\05. Maximal increasing sequence.csproj", "{07B47DC3-F029-4279-B7BD-F79D927C700B}"
EndProject
Project("{9A19103F-16F7-4668-BE54-9A1E7A4F7556}") = "08. Frequent number", "01. Arrays\08. Frequent number\08. Frequent number.csproj", "{F675406A-FA13-4496-AEF9-8C3E41A1B0EB}"
EndProject
Project("{9A19103F-16F7-4668-BE54-9A1E7A4F7556}") = "07. Maximal K Sum", "01. Arrays\07. Maximal K Sum\07. Maximal K Sum.csproj", "{5526DF6C-D2FB-4DCF-8B88-0E2FDB8F273C}"
EndProject
Project("{9A19103F-16F7-4668-BE54-9A1E7A4F7556}") = "09. Index of letters", "01. Arrays\09. Index of letters\09. Index of letters.csproj", "{E216C8C1-2F86-462E-A901-98AD6366CE59}"
EndProject
Project("{9A19103F-16F7-4668-BE54-9A1E7A4F7556}") = "10. Prime Numbers", "01. Arrays\10. Prime Numbers\10. Prime Numbers.csproj", "{9ABC97E9-1520-4B78-9A8C-B4157E7D3485}"
EndProject
Project("{9A19103F-16F7-4668-BE54-9A1E7A4F7556}") = "06. Maximal Sum (TODO)", "01. Arrays\06. Maximal Sum\06. Maximal Sum (TODO).csproj", "{256B4B3A-B92B-41F5-8C6E-E26B8D482151}"
EndProject
Project("{9A19103F-16F7-4668-BE54-9A1E7A4F7556}") = "01. Reverse string_v2", "02. Strings\01. Reverse string_v2\01. Reverse string_v2.csproj", "{23A37DCD-41FD-4CD4-BC0E-108DE5D1F0CD}"
EndProject
Project("{9A19103F-16F7-4668-BE54-9A1E7A4F7556}") = "01. Reverse string", "02. Strings\01. Reverse string\01. Reverse string.csproj", "{FD01F711-2109-44AE-A272-D4080955E31E}"
EndProject
Project("{9A19103F-16F7-4668-BE54-9A1E7A4F7556}") = "02. Correct Brackets", "02. Strings\02. Correct Brackets\02. Correct Brackets.csproj", "{66A20B54-5E33-483F-AC28-6C2ABD4642AE}"
EndProject
Project("{9A19103F-16F7-4668-BE54-9A1E7A4F7556}") = "03. Sub-string in text", "02. Strings\03. Sub-string in text\03. Sub-string in text.csproj", "{31F9E878-5845-4A1F-BD09-D41DF8D326E8}"
EndProject
Project("{2150E333-8FDC-42A3-9474-1A3956D46DE8}") = "01. Multidimensional Arrays", "01. Multidimensional Arrays", "{187068B8-0D48-4C8B-AA46-20C561C95825}"
EndProject
Project("{9A19103F-16F7-4668-BE54-9A1E7A4F7556}") = "Test", "Test\Test.csproj", "{CE90B92B-06E6-4D1E-8EE9-1A32777CACA0}"
EndProject
Project("{9A19103F-16F7-4668-BE54-9A1E7A4F7556}") = "04. Parse tags", "02. Strings\04. Parse tags\04. Parse tags.csproj", "{080D5DB2-E57B-4235-A074-24EBD9381BCC}"
EndProject
Project("{9A19103F-16F7-4668-BE54-9A1E7A4F7556}") = "05. String length", "02. Strings\05. String length\05. String length.csproj", "{68C6F146-5479-4DC8-9FE4-ACBED12E696F}"
EndProject
Project("{9A19103F-16F7-4668-BE54-9A1E7A4F7556}") = "06. Extract sentences", "02. Strings\06. Extract sentences\06. Extract sentences.csproj", "{BC48DB63-317A-4C6C-8730-C92857D77A66}"
EndProject
Project("{9A19103F-16F7-4668-BE54-9A1E7A4F7556}") = "07. Unicode characters", "02. Strings\07. Unicode characters\07. Unicode characters.csproj", "{42AF5257-3A31-4A3D-AFDD-66057E106F05}"
EndProject
Project("{9A19103F-16F7-4668-BE54-9A1E7A4F7556}") = "08. Parse URL", "02. Strings\08. Parse URL\08. Parse URL.csproj", "{4F9F5F88-3814-4E19-905B-B3DC62745D57}"
EndProject
Project("{9A19103F-16F7-4668-BE54-9A1E7A4F7556}") = "09.  Reverse sentence", "02. Strings\09.  Reverse sentence\09.  Reverse sentence.csproj", "{059A0931-8E5A-4287-92D9-3FDBACE498DA}"
EndProject
Project("{9A19103F-16F7-4668-BE54-9A1E7A4F7556}") = "11. Date difference", "02. Strings\11. Date difference\11. Date difference.csproj", "{F6381AC6-5A68-4401-A005-27B0C6559461}"
EndProject
Project("{9A19103F-16F7-4668-BE54-9A1E7A4F7556}") = "10. Replace tags", "02. Strings\10. Replace tags\10. Replace tags.csproj", "{CBD84D26-9B5C-4859-A926-A30D61B9CDD7}"
EndProject
Project("{9A19103F-16F7-4668-BE54-9A1E7A4F7556}") = "12. Extract e-mails", "02. Strings\12. Extract e-mails\12. Extract e-mails.csproj", "{3E5A6139-81BA-409D-9275-5C9B7F46B46E}"
EndProject
Project("{9A19103F-16F7-4668-BE54-9A1E7A4F7556}") = "01. Fill the matrix", "01. Multidimensional Arrays\01. Fill the matrix\01. Fill the matrix.csproj", "{B3084FEC-B928-4968-958C-C7C2826F361E}"
EndProject
Project("{9A19103F-16F7-4668-BE54-9A1E7A4F7556}") = "02. Maximal sum", "01. Multidimensional Arrays\02. Maximal sum\02. Maximal sum.csproj", "{E0634866-EC4D-48A3-9C91-EFBFF08AD1C6}"
EndProject
Project("{9A19103F-16F7-4668-BE54-9A1E7A4F7556}") = "03. Sequence in matrix", "01. Multidimensional Arrays\03. Sequence in matrix\03. Sequence in matrix.csproj", "{810823E6-F722-46F4-AC25-6967B05D9549}"
EndProject
Project("{9A19103F-16F7-4668-BE54-9A1E7A4F7556}") = "01. Square root", "03. Exception Handling\01. Square root\01. Square root.csproj", "{13D52B46-49B2-46EF-984E-5CD9C3DDCBDF}"
EndProject
Project("{9A19103F-16F7-4668-BE54-9A1E7A4F7556}") = "02. Enter numbers", "03. Exception Handling\02. Enter numbers\02. Enter numbers.csproj", "{A87B47D5-11E7-4731-8219-20A85BC9C4A8}"
EndProject
Project("{9A19103F-16F7-4668-BE54-9A1E7A4F7556}") = "03. Read file contents", "03. Exception Handling\03. Read file contents\03. Read file contents.csproj", "{95956239-07CC-41A9-9486-CC33415F2528}"
EndProject
Global
	GlobalSection(SolutionConfigurationPlatforms) = preSolution
		Debug|Any CPU = Debug|Any CPU
		Release|Any CPU = Release|Any CPU
	EndGlobalSection
	GlobalSection(ProjectConfigurationPlatforms) = postSolution
		{76D8E53F-C5F0-4EF0-A882-3C0107E72179}.Debug|Any CPU.ActiveCfg = Debug|Any CPU
		{76D8E53F-C5F0-4EF0-A882-3C0107E72179}.Debug|Any CPU.Build.0 = Debug|Any CPU
		{76D8E53F-C5F0-4EF0-A882-3C0107E72179}.Release|Any CPU.ActiveCfg = Release|Any CPU
		{76D8E53F-C5F0-4EF0-A882-3C0107E72179}.Release|Any CPU.Build.0 = Release|Any CPU
		{E83C7EA3-8568-4A4D-ACB3-EFB8327CBA28}.Debug|Any CPU.ActiveCfg = Debug|Any CPU
		{E83C7EA3-8568-4A4D-ACB3-EFB8327CBA28}.Debug|Any CPU.Build.0 = Debug|Any CPU
		{E83C7EA3-8568-4A4D-ACB3-EFB8327CBA28}.Release|Any CPU.ActiveCfg = Release|Any CPU
		{E83C7EA3-8568-4A4D-ACB3-EFB8327CBA28}.Release|Any CPU.Build.0 = Release|Any CPU
		{B91AD5B8-D883-4AE4-B7E9-5FEF489826E9}.Debug|Any CPU.ActiveCfg = Debug|Any CPU
		{B91AD5B8-D883-4AE4-B7E9-5FEF489826E9}.Debug|Any CPU.Build.0 = Debug|Any CPU
		{B91AD5B8-D883-4AE4-B7E9-5FEF489826E9}.Release|Any CPU.ActiveCfg = Release|Any CPU
		{B91AD5B8-D883-4AE4-B7E9-5FEF489826E9}.Release|Any CPU.Build.0 = Release|Any CPU
		{4939A772-2D72-4743-8D8F-8E4C1A7E8421}.Debug|Any CPU.ActiveCfg = Debug|Any CPU
		{4939A772-2D72-4743-8D8F-8E4C1A7E8421}.Debug|Any CPU.Build.0 = Debug|Any CPU
		{4939A772-2D72-4743-8D8F-8E4C1A7E8421}.Release|Any CPU.ActiveCfg = Release|Any CPU
		{4939A772-2D72-4743-8D8F-8E4C1A7E8421}.Release|Any CPU.Build.0 = Release|Any CPU
		{07B47DC3-F029-4279-B7BD-F79D927C700B}.Debug|Any CPU.ActiveCfg = Debug|Any CPU
		{07B47DC3-F029-4279-B7BD-F79D927C700B}.Debug|Any CPU.Build.0 = Debug|Any CPU
		{07B47DC3-F029-4279-B7BD-F79D927C700B}.Release|Any CPU.ActiveCfg = Release|Any CPU
		{07B47DC3-F029-4279-B7BD-F79D927C700B}.Release|Any CPU.Build.0 = Release|Any CPU
		{F675406A-FA13-4496-AEF9-8C3E41A1B0EB}.Debug|Any CPU.ActiveCfg = Debug|Any CPU
		{F675406A-FA13-4496-AEF9-8C3E41A1B0EB}.Debug|Any CPU.Build.0 = Debug|Any CPU
		{F675406A-FA13-4496-AEF9-8C3E41A1B0EB}.Release|Any CPU.ActiveCfg = Release|Any CPU
		{F675406A-FA13-4496-AEF9-8C3E41A1B0EB}.Release|Any CPU.Build.0 = Release|Any CPU
		{5526DF6C-D2FB-4DCF-8B88-0E2FDB8F273C}.Debug|Any CPU.ActiveCfg = Debug|Any CPU
		{5526DF6C-D2FB-4DCF-8B88-0E2FDB8F273C}.Debug|Any CPU.Build.0 = Debug|Any CPU
		{5526DF6C-D2FB-4DCF-8B88-0E2FDB8F273C}.Release|Any CPU.ActiveCfg = Release|Any CPU
		{5526DF6C-D2FB-4DCF-8B88-0E2FDB8F273C}.Release|Any CPU.Build.0 = Release|Any CPU
		{E216C8C1-2F86-462E-A901-98AD6366CE59}.Debug|Any CPU.ActiveCfg = Debug|Any CPU
		{E216C8C1-2F86-462E-A901-98AD6366CE59}.Debug|Any CPU.Build.0 = Debug|Any CPU
		{E216C8C1-2F86-462E-A901-98AD6366CE59}.Release|Any CPU.ActiveCfg = Release|Any CPU
		{E216C8C1-2F86-462E-A901-98AD6366CE59}.Release|Any CPU.Build.0 = Release|Any CPU
		{9ABC97E9-1520-4B78-9A8C-B4157E7D3485}.Debug|Any CPU.ActiveCfg = Debug|Any CPU
		{9ABC97E9-1520-4B78-9A8C-B4157E7D3485}.Debug|Any CPU.Build.0 = Debug|Any CPU
		{9ABC97E9-1520-4B78-9A8C-B4157E7D3485}.Release|Any CPU.ActiveCfg = Release|Any CPU
		{9ABC97E9-1520-4B78-9A8C-B4157E7D3485}.Release|Any CPU.Build.0 = Release|Any CPU
		{256B4B3A-B92B-41F5-8C6E-E26B8D482151}.Debug|Any CPU.ActiveCfg = Debug|Any CPU
		{256B4B3A-B92B-41F5-8C6E-E26B8D482151}.Debug|Any CPU.Build.0 = Debug|Any CPU
		{256B4B3A-B92B-41F5-8C6E-E26B8D482151}.Release|Any CPU.ActiveCfg = Release|Any CPU
		{256B4B3A-B92B-41F5-8C6E-E26B8D482151}.Release|Any CPU.Build.0 = Release|Any CPU
		{23A37DCD-41FD-4CD4-BC0E-108DE5D1F0CD}.Debug|Any CPU.ActiveCfg = Debug|Any CPU
		{23A37DCD-41FD-4CD4-BC0E-108DE5D1F0CD}.Debug|Any CPU.Build.0 = Debug|Any CPU
		{23A37DCD-41FD-4CD4-BC0E-108DE5D1F0CD}.Release|Any CPU.ActiveCfg = Release|Any CPU
		{23A37DCD-41FD-4CD4-BC0E-108DE5D1F0CD}.Release|Any CPU.Build.0 = Release|Any CPU
		{FD01F711-2109-44AE-A272-D4080955E31E}.Debug|Any CPU.ActiveCfg = Debug|Any CPU
		{FD01F711-2109-44AE-A272-D4080955E31E}.Debug|Any CPU.Build.0 = Debug|Any CPU
		{FD01F711-2109-44AE-A272-D4080955E31E}.Release|Any CPU.ActiveCfg = Release|Any CPU
		{FD01F711-2109-44AE-A272-D4080955E31E}.Release|Any CPU.Build.0 = Release|Any CPU
		{66A20B54-5E33-483F-AC28-6C2ABD4642AE}.Debug|Any CPU.ActiveCfg = Debug|Any CPU
		{66A20B54-5E33-483F-AC28-6C2ABD4642AE}.Debug|Any CPU.Build.0 = Debug|Any CPU
		{66A20B54-5E33-483F-AC28-6C2ABD4642AE}.Release|Any CPU.ActiveCfg = Release|Any CPU
		{66A20B54-5E33-483F-AC28-6C2ABD4642AE}.Release|Any CPU.Build.0 = Release|Any CPU
		{31F9E878-5845-4A1F-BD09-D41DF8D326E8}.Debug|Any CPU.ActiveCfg = Debug|Any CPU
		{31F9E878-5845-4A1F-BD09-D41DF8D326E8}.Debug|Any CPU.Build.0 = Debug|Any CPU
		{31F9E878-5845-4A1F-BD09-D41DF8D326E8}.Release|Any CPU.ActiveCfg = Release|Any CPU
		{31F9E878-5845-4A1F-BD09-D41DF8D326E8}.Release|Any CPU.Build.0 = Release|Any CPU
		{CE90B92B-06E6-4D1E-8EE9-1A32777CACA0}.Debug|Any CPU.ActiveCfg = Debug|Any CPU
		{CE90B92B-06E6-4D1E-8EE9-1A32777CACA0}.Debug|Any CPU.Build.0 = Debug|Any CPU
		{CE90B92B-06E6-4D1E-8EE9-1A32777CACA0}.Release|Any CPU.ActiveCfg = Release|Any CPU
		{CE90B92B-06E6-4D1E-8EE9-1A32777CACA0}.Release|Any CPU.Build.0 = Release|Any CPU
		{080D5DB2-E57B-4235-A074-24EBD9381BCC}.Debug|Any CPU.ActiveCfg = Debug|Any CPU
		{080D5DB2-E57B-4235-A074-24EBD9381BCC}.Debug|Any CPU.Build.0 = Debug|Any CPU
		{080D5DB2-E57B-4235-A074-24EBD9381BCC}.Release|Any CPU.ActiveCfg = Release|Any CPU
		{080D5DB2-E57B-4235-A074-24EBD9381BCC}.Release|Any CPU.Build.0 = Release|Any CPU
		{68C6F146-5479-4DC8-9FE4-ACBED12E696F}.Debug|Any CPU.ActiveCfg = Debug|Any CPU
		{68C6F146-5479-4DC8-9FE4-ACBED12E696F}.Debug|Any CPU.Build.0 = Debug|Any CPU
		{68C6F146-5479-4DC8-9FE4-ACBED12E696F}.Release|Any CPU.ActiveCfg = Release|Any CPU
		{68C6F146-5479-4DC8-9FE4-ACBED12E696F}.Release|Any CPU.Build.0 = Release|Any CPU
		{BC48DB63-317A-4C6C-8730-C92857D77A66}.Debug|Any CPU.ActiveCfg = Debug|Any CPU
		{BC48DB63-317A-4C6C-8730-C92857D77A66}.Debug|Any CPU.Build.0 = Debug|Any CPU
		{BC48DB63-317A-4C6C-8730-C92857D77A66}.Release|Any CPU.ActiveCfg = Release|Any CPU
		{BC48DB63-317A-4C6C-8730-C92857D77A66}.Release|Any CPU.Build.0 = Release|Any CPU
		{42AF5257-3A31-4A3D-AFDD-66057E106F05}.Debug|Any CPU.ActiveCfg = Debug|Any CPU
		{42AF5257-3A31-4A3D-AFDD-66057E106F05}.Debug|Any CPU.Build.0 = Debug|Any CPU
		{42AF5257-3A31-4A3D-AFDD-66057E106F05}.Release|Any CPU.ActiveCfg = Release|Any CPU
		{42AF5257-3A31-4A3D-AFDD-66057E106F05}.Release|Any CPU.Build.0 = Release|Any CPU
		{4F9F5F88-3814-4E19-905B-B3DC62745D57}.Debug|Any CPU.ActiveCfg = Debug|Any CPU
		{4F9F5F88-3814-4E19-905B-B3DC62745D57}.Debug|Any CPU.Build.0 = Debug|Any CPU
		{4F9F5F88-3814-4E19-905B-B3DC62745D57}.Release|Any CPU.ActiveCfg = Release|Any CPU
		{4F9F5F88-3814-4E19-905B-B3DC62745D57}.Release|Any CPU.Build.0 = Release|Any CPU
		{059A0931-8E5A-4287-92D9-3FDBACE498DA}.Debug|Any CPU.ActiveCfg = Debug|Any CPU
		{059A0931-8E5A-4287-92D9-3FDBACE498DA}.Debug|Any CPU.Build.0 = Debug|Any CPU
		{059A0931-8E5A-4287-92D9-3FDBACE498DA}.Release|Any CPU.ActiveCfg = Release|Any CPU
		{059A0931-8E5A-4287-92D9-3FDBACE498DA}.Release|Any CPU.Build.0 = Release|Any CPU
		{F6381AC6-5A68-4401-A005-27B0C6559461}.Debug|Any CPU.ActiveCfg = Debug|Any CPU
		{F6381AC6-5A68-4401-A005-27B0C6559461}.Debug|Any CPU.Build.0 = Debug|Any CPU
		{F6381AC6-5A68-4401-A005-27B0C6559461}.Release|Any CPU.ActiveCfg = Release|Any CPU
		{F6381AC6-5A68-4401-A005-27B0C6559461}.Release|Any CPU.Build.0 = Release|Any CPU
		{CBD84D26-9B5C-4859-A926-A30D61B9CDD7}.Debug|Any CPU.ActiveCfg = Debug|Any CPU
		{CBD84D26-9B5C-4859-A926-A30D61B9CDD7}.Debug|Any CPU.Build.0 = Debug|Any CPU
		{CBD84D26-9B5C-4859-A926-A30D61B9CDD7}.Release|Any CPU.ActiveCfg = Release|Any CPU
		{CBD84D26-9B5C-4859-A926-A30D61B9CDD7}.Release|Any CPU.Build.0 = Release|Any CPU
		{3E5A6139-81BA-409D-9275-5C9B7F46B46E}.Debug|Any CPU.ActiveCfg = Debug|Any CPU
		{3E5A6139-81BA-409D-9275-5C9B7F46B46E}.Debug|Any CPU.Build.0 = Debug|Any CPU
		{3E5A6139-81BA-409D-9275-5C9B7F46B46E}.Release|Any CPU.ActiveCfg = Release|Any CPU
		{3E5A6139-81BA-409D-9275-5C9B7F46B46E}.Release|Any CPU.Build.0 = Release|Any CPU
		{B3084FEC-B928-4968-958C-C7C2826F361E}.Debug|Any CPU.ActiveCfg = Debug|Any CPU
		{B3084FEC-B928-4968-958C-C7C2826F361E}.Debug|Any CPU.Build.0 = Debug|Any CPU
		{B3084FEC-B928-4968-958C-C7C2826F361E}.Release|Any CPU.ActiveCfg = Release|Any CPU
		{B3084FEC-B928-4968-958C-C7C2826F361E}.Release|Any CPU.Build.0 = Release|Any CPU
		{E0634866-EC4D-48A3-9C91-EFBFF08AD1C6}.Debug|Any CPU.ActiveCfg = Debug|Any CPU
		{E0634866-EC4D-48A3-9C91-EFBFF08AD1C6}.Debug|Any CPU.Build.0 = Debug|Any CPU
		{E0634866-EC4D-48A3-9C91-EFBFF08AD1C6}.Release|Any CPU.ActiveCfg = Release|Any CPU
		{E0634866-EC4D-48A3-9C91-EFBFF08AD1C6}.Release|Any CPU.Build.0 = Release|Any CPU
		{810823E6-F722-46F4-AC25-6967B05D9549}.Debug|Any CPU.ActiveCfg = Debug|Any CPU
		{810823E6-F722-46F4-AC25-6967B05D9549}.Debug|Any CPU.Build.0 = Debug|Any CPU
		{810823E6-F722-46F4-AC25-6967B05D9549}.Release|Any CPU.ActiveCfg = Release|Any CPU
		{810823E6-F722-46F4-AC25-6967B05D9549}.Release|Any CPU.Build.0 = Release|Any CPU
		{13D52B46-49B2-46EF-984E-5CD9C3DDCBDF}.Debug|Any CPU.ActiveCfg = Debug|Any CPU
		{13D52B46-49B2-46EF-984E-5CD9C3DDCBDF}.Debug|Any CPU.Build.0 = Debug|Any CPU
		{13D52B46-49B2-46EF-984E-5CD9C3DDCBDF}.Release|Any CPU.ActiveCfg = Release|Any CPU
		{13D52B46-49B2-46EF-984E-5CD9C3DDCBDF}.Release|Any CPU.Build.0 = Release|Any CPU
		{A87B47D5-11E7-4731-8219-20A85BC9C4A8}.Debug|Any CPU.ActiveCfg = Debug|Any CPU
		{A87B47D5-11E7-4731-8219-20A85BC9C4A8}.Debug|Any CPU.Build.0 = Debug|Any CPU
		{A87B47D5-11E7-4731-8219-20A85BC9C4A8}.Release|Any CPU.ActiveCfg = Release|Any CPU
		{A87B47D5-11E7-4731-8219-20A85BC9C4A8}.Release|Any CPU.Build.0 = Release|Any CPU
		{95956239-07CC-41A9-9486-CC33415F2528}.Debug|Any CPU.ActiveCfg = Debug|Any CPU
		{95956239-07CC-41A9-9486-CC33415F2528}.Debug|Any CPU.Build.0 = Debug|Any CPU
		{95956239-07CC-41A9-9486-CC33415F2528}.Release|Any CPU.ActiveCfg = Release|Any CPU
		{95956239-07CC-41A9-9486-CC33415F2528}.Release|Any CPU.Build.0 = Release|Any CPU
	EndGlobalSection
	GlobalSection(SolutionProperties) = preSolution
		HideSolutionNode = FALSE
	EndGlobalSection
	GlobalSection(NestedProjects) = preSolution
		{76D8E53F-C5F0-4EF0-A882-3C0107E72179} = {D1296190-A280-431E-AEBF-F176E32CBF59}
		{E83C7EA3-8568-4A4D-ACB3-EFB8327CBA28} = {D1296190-A280-431E-AEBF-F176E32CBF59}
		{B91AD5B8-D883-4AE4-B7E9-5FEF489826E9} = {D1296190-A280-431E-AEBF-F176E32CBF59}
		{4939A772-2D72-4743-8D8F-8E4C1A7E8421} = {D1296190-A280-431E-AEBF-F176E32CBF59}
		{07B47DC3-F029-4279-B7BD-F79D927C700B} = {D1296190-A280-431E-AEBF-F176E32CBF59}
		{F675406A-FA13-4496-AEF9-8C3E41A1B0EB} = {D1296190-A280-431E-AEBF-F176E32CBF59}
		{5526DF6C-D2FB-4DCF-8B88-0E2FDB8F273C} = {D1296190-A280-431E-AEBF-F176E32CBF59}
		{E216C8C1-2F86-462E-A901-98AD6366CE59} = {D1296190-A280-431E-AEBF-F176E32CBF59}
		{9ABC97E9-1520-4B78-9A8C-B4157E7D3485} = {D1296190-A280-431E-AEBF-F176E32CBF59}
		{256B4B3A-B92B-41F5-8C6E-E26B8D482151} = {D1296190-A280-431E-AEBF-F176E32CBF59}
		{23A37DCD-41FD-4CD4-BC0E-108DE5D1F0CD} = {B653B59D-F3B7-4F55-80AA-9C38B87711AA}
		{FD01F711-2109-44AE-A272-D4080955E31E} = {B653B59D-F3B7-4F55-80AA-9C38B87711AA}
		{66A20B54-5E33-483F-AC28-6C2ABD4642AE} = {B653B59D-F3B7-4F55-80AA-9C38B87711AA}
		{31F9E878-5845-4A1F-BD09-D41DF8D326E8} = {B653B59D-F3B7-4F55-80AA-9C38B87711AA}
		{080D5DB2-E57B-4235-A074-24EBD9381BCC} = {B653B59D-F3B7-4F55-80AA-9C38B87711AA}
		{68C6F146-5479-4DC8-9FE4-ACBED12E696F} = {B653B59D-F3B7-4F55-80AA-9C38B87711AA}
		{BC48DB63-317A-4C6C-8730-C92857D77A66} = {B653B59D-F3B7-4F55-80AA-9C38B87711AA}
		{42AF5257-3A31-4A3D-AFDD-66057E106F05} = {B653B59D-F3B7-4F55-80AA-9C38B87711AA}
		{4F9F5F88-3814-4E19-905B-B3DC62745D57} = {B653B59D-F3B7-4F55-80AA-9C38B87711AA}
		{059A0931-8E5A-4287-92D9-3FDBACE498DA} = {B653B59D-F3B7-4F55-80AA-9C38B87711AA}
		{F6381AC6-5A68-4401-A005-27B0C6559461} = {B653B59D-F3B7-4F55-80AA-9C38B87711AA}
		{CBD84D26-9B5C-4859-A926-A30D61B9CDD7} = {B653B59D-F3B7-4F55-80AA-9C38B87711AA}
		{3E5A6139-81BA-409D-9275-5C9B7F46B46E} = {B653B59D-F3B7-4F55-80AA-9C38B87711AA}
		{B3084FEC-B928-4968-958C-C7C2826F361E} = {187068B8-0D48-4C8B-AA46-20C561C95825}
		{E0634866-EC4D-48A3-9C91-EFBFF08AD1C6} = {187068B8-0D48-4C8B-AA46-20C561C95825}
		{810823E6-F722-46F4-AC25-6967B05D9549} = {187068B8-0D48-4C8B-AA46-20C561C95825}
		{13D52B46-49B2-46EF-984E-5CD9C3DDCBDF} = {5D709F5D-B28A-44B7-9074-EC916908D37C}
		{A87B47D5-11E7-4731-8219-20A85BC9C4A8} = {5D709F5D-B28A-44B7-9074-EC916908D37C}
		{95956239-07CC-41A9-9486-CC33415F2528} = {5D709F5D-B28A-44B7-9074-EC916908D37C}
	EndGlobalSection
	GlobalSection(ExtensibilityGlobals) = postSolution
		SolutionGuid = {5D690F45-F195-4173-B0B9-46D1BBCA8EA8}
	EndGlobalSection
EndGlobal
