
Microsoft Visual Studio Solution File, Format Version 12.00
# Visual Studio 15
VisualStudioVersion = 15.0.27428.2005
MinimumVisualStudioVersion = 10.0.40219.1
Project("{FAE04EC0-301F-11D3-BF4B-00C04F79EFBC}") = "Task1", "Task1\Task1.csproj", "{D67E7FC1-AFA6-421B-A1E2-951439E43A2E}"
EndProject
Project("{FAE04EC0-301F-11D3-BF4B-00C04F79EFBC}") = "Task2", "Task2\Task2.csproj", "{8B395BB1-8E28-461A-A52A-BFE8E51A3CA0}"
EndProject
Project("{FAE04EC0-301F-11D3-BF4B-00C04F79EFBC}") = "Task3", "Task3\Task3.csproj", "{77E2EA4D-E68E-43A1-9347-BAD67D33A773}"
EndProject
Global
	GlobalSection(SolutionConfigurationPlatforms) = preSolution
		Debug|Any CPU = Debug|Any CPU
		Release|Any CPU = Release|Any CPU
	EndGlobalSection
	GlobalSection(ProjectConfigurationPlatforms) = postSolution
		{D67E7FC1-AFA6-421B-A1E2-951439E43A2E}.Debug|Any CPU.ActiveCfg = Debug|Any CPU
		{D67E7FC1-AFA6-421B-A1E2-951439E43A2E}.Debug|Any CPU.Build.0 = Debug|Any CPU
		{D67E7FC1-AFA6-421B-A1E2-951439E43A2E}.Release|Any CPU.ActiveCfg = Release|Any CPU
		{D67E7FC1-AFA6-421B-A1E2-951439E43A2E}.Release|Any CPU.Build.0 = Release|Any CPU
		{8B395BB1-8E28-461A-A52A-BFE8E51A3CA0}.Debug|Any CPU.ActiveCfg = Debug|Any CPU
		{8B395BB1-8E28-461A-A52A-BFE8E51A3CA0}.Debug|Any CPU.Build.0 = Debug|Any CPU
		{8B395BB1-8E28-461A-A52A-BFE8E51A3CA0}.Release|Any CPU.ActiveCfg = Release|Any CPU
		{8B395BB1-8E28-461A-A52A-BFE8E51A3CA0}.Release|Any CPU.Build.0 = Release|Any CPU
		{77E2EA4D-E68E-43A1-9347-BAD67D33A773}.Debug|Any CPU.ActiveCfg = Debug|Any CPU
		{77E2EA4D-E68E-43A1-9347-BAD67D33A773}.Debug|Any CPU.Build.0 = Debug|Any CPU
		{77E2EA4D-E68E-43A1-9347-BAD67D33A773}.Release|Any CPU.ActiveCfg = Release|Any CPU
		{77E2EA4D-E68E-43A1-9347-BAD67D33A773}.Release|Any CPU.Build.0 = Release|Any CPU
	EndGlobalSection
	GlobalSection(SolutionProperties) = preSolution
		HideSolutionNode = FALSE
	EndGlobalSection
	GlobalSection(ExtensibilityGlobals) = postSolution
		SolutionGuid = {50672305-6B9E-43FB-B9F9-7267122FBE05}
	EndGlobalSection
EndGlobal
