
Microsoft Visual Studio Solution File, Format Version 12.00
# Visual Studio 15
VisualStudioVersion = 15.0.27428.2005
MinimumVisualStudioVersion = 10.0.40219.1
Project("{9A19103F-16F7-4668-BE54-9A1E7A4F7556}") = "Above the Main Diagonal 2", "Arrays\Above the Main Diagonal 2\Above the Main Diagonal 2.csproj", "{5D88A6C5-D52C-4811-AB08-8DA8B55A0095}"
EndProject
Project("{9A19103F-16F7-4668-BE54-9A1E7A4F7556}") = "Above the Main Diagonal 2_v2", "Arrays\Above the Main Diagonal 2_v2\Above the Main Diagonal 2_v2.csproj", "{370499AC-B28D-4394-9F9D-4054E7D4339B}"
EndProject
Project("{9A19103F-16F7-4668-BE54-9A1E7A4F7556}") = "Allocate Array", "Arrays\Allocate Array\Allocate Array.csproj", "{20A11646-D5FF-436C-84F5-DA7CB2400A9B}"
EndProject
Project("{9A19103F-16F7-4668-BE54-9A1E7A4F7556}") = "Longest Increasing Sequence", "Arrays\Longest Increasing Sequence\Longest Increasing Sequence.csproj", "{505B3C73-0BA0-451C-B2FD-22A64BF1DBD5}"
EndProject
Project("{9A19103F-16F7-4668-BE54-9A1E7A4F7556}") = "Longest Sequence of Equal", "Arrays\Longest Sequence of Equal\Longest Sequence of Equal.csproj", "{28B12063-BF63-4021-B703-156DA9D74970}"
EndProject
Project("{9A19103F-16F7-4668-BE54-9A1E7A4F7556}") = "Matrix of Numbers", "Arrays\Matrix of Numbers\Matrix of Numbers.csproj", "{1E1A533F-0DE6-486A-AB26-4259927B7305}"
EndProject
Project("{9A19103F-16F7-4668-BE54-9A1E7A4F7556}") = "Max Sum of K elements", "Arrays\Max Sum of K elements\Max Sum of K elements.csproj", "{74018948-8466-4771-A7FB-C65BC25DE9B3}"
EndProject
Project("{9A19103F-16F7-4668-BE54-9A1E7A4F7556}") = "Matrix of Numbers_v2", "Arrays\Matrix of Numbers_v2\Matrix of Numbers_v2.csproj", "{AC2D40D7-F578-4BC4-8020-556876CB42A1}"
EndProject
Project("{9A19103F-16F7-4668-BE54-9A1E7A4F7556}") = "Matrix of Numbers_v3", "Arrays\Matrix of Numbers_v3\Matrix of Numbers_v3.csproj", "{13262055-B378-4E77-8BDF-0A344885F39B}"
EndProject
Project("{9A19103F-16F7-4668-BE54-9A1E7A4F7556}") = "Most Frequent", "Arrays\Most Frequent\Most Frequent.csproj", "{D46E70CE-9826-4980-B3CA-FE2BE07B48E7}"
EndProject
Project("{9A19103F-16F7-4668-BE54-9A1E7A4F7556}") = "Three Groups", "Arrays\Three Groups\Three Groups.csproj", "{43E7C34B-7525-43B3-9D14-B19D3999D150}"
EndProject
Project("{2150E333-8FDC-42A3-9474-1A3956D46DE8}") = "Arrays", "Arrays", "{4FD16D89-4378-4DED-9FAD-44D4DA044016}"
EndProject
Project("{2150E333-8FDC-42A3-9474-1A3956D46DE8}") = "Loops", "Loops", "{81D10C51-28F9-417D-A6DD-9A83DA5F5E70}"
EndProject
Project("{9A19103F-16F7-4668-BE54-9A1E7A4F7556}") = "Biggest Prime Number", "Loops\Biggest Prime Number\Biggest Prime Number.csproj", "{D56BDEC1-422C-4072-A4B2-6423FD63EF8E}"
EndProject
Project("{9A19103F-16F7-4668-BE54-9A1E7A4F7556}") = "Biggest Prime Number_v2", "Loops\Biggest Prime Number_v2\Biggest Prime Number_v2.csproj", "{EC7126DC-1CC6-49F7-A090-F2B85454C5E0}"
EndProject
Project("{9A19103F-16F7-4668-BE54-9A1E7A4F7556}") = "strings - Challenge 01", "Other\strings - Challenge 01\strings - Challenge 01.csproj", "{3F12317B-731C-4B20-B2BC-DABDEBC88C24}"
EndProject
Project("{2150E333-8FDC-42A3-9474-1A3956D46DE8}") = "Other", "Other", "{09527962-F123-432F-93DE-AE7A48E0CB3D}"
EndProject
Project("{9A19103F-16F7-4668-BE54-9A1E7A4F7556}") = "Subset of Sum S", "Arrays\Subset of Sum S\Subset of Sum S.csproj", "{A5C83269-72C0-414C-B9AB-A936FDBA683B}"
EndProject
Project("{9A19103F-16F7-4668-BE54-9A1E7A4F7556}") = "Spell Caster", "Arrays\Spell Caster\Spell Caster.csproj", "{015EB1D1-1D8F-4B81-935B-DD6E00725A69}"
EndProject
Project("{9A19103F-16F7-4668-BE54-9A1E7A4F7556}") = "Symmetric Arrays", "Arrays\Symmetric Arrays\Symmetric Arrays.csproj", "{953E3CE3-6856-4696-A2C6-86E213BFEB09}"
EndProject
Project("{9A19103F-16F7-4668-BE54-9A1E7A4F7556}") = "Primes to N", "Arrays\Primes to N\Primes to N.csproj", "{F0BD262E-76C6-4159-B720-0E0D04ABBBC4}"
EndProject
Project("{9A19103F-16F7-4668-BE54-9A1E7A4F7556}") = "Reverse Array", "Arrays\Reverse Array\Reverse Array.csproj", "{C500F01E-C5A4-4EFF-B010-EA8008637427}"
EndProject
Project("{9A19103F-16F7-4668-BE54-9A1E7A4F7556}") = "Numbers From 1 to N", "Loops\Numbers From 1 to N\Numbers From 1 to N.csproj", "{D7ABDC45-4E95-4E0F-A1D7-A39BA28319B9}"
EndProject
Project("{9A19103F-16F7-4668-BE54-9A1E7A4F7556}") = "Sequence in Matrix", "Arrays\Sequence in Matrix\Sequence in Matrix.csproj", "{0DE8BD6E-F7C9-4CF4-AEAA-0D2C769E56CC}"
EndProject
Project("{9A19103F-16F7-4668-BE54-9A1E7A4F7556}") = "Testing", "Other\Testing\Testing.csproj", "{1F887CD6-1C5A-436B-9C5E-19F7585CEE97}"
EndProject
Project("{9A19103F-16F7-4668-BE54-9A1E7A4F7556}") = "Most Frequent_v2", "Arrays\Most Frequent_v2\Most Frequent_v2.csproj", "{DD50931E-072C-4243-9BDC-671C81112B35}"
EndProject
Project("{9A19103F-16F7-4668-BE54-9A1E7A4F7556}") = "Most Frequent_v3", "Arrays\Most Frequent_v3\Most Frequent_v3.csproj", "{D1AAD36A-EAB1-4890-965B-2F277570E2CA}"
EndProject
Project("{9A19103F-16F7-4668-BE54-9A1E7A4F7556}") = "Most Frequent_v4", "Arrays\Most Frequent_v4\Most Frequent_v4.csproj", "{FEC67D1A-FBC1-4EB8-821F-8F5CD7EFD5B2}"
EndProject
Project("{9A19103F-16F7-4668-BE54-9A1E7A4F7556}") = "Most Frequent_v5", "Arrays\Most Frequent_v5\Most Frequent_v5.csproj", "{807D8029-2EDC-4836-95D7-73A3465E23E7}"
EndProject
Project("{2150E333-8FDC-42A3-9474-1A3956D46DE8}") = "Conditions", "Conditions", "{812C6838-CEB8-4FCE-B881-232DDBBA4FF8}"
EndProject
Project("{9A19103F-16F7-4668-BE54-9A1E7A4F7556}") = "Sort Three Numbers", "Conditions\Sort Three Numbers\Sort Three Numbers.csproj", "{43F6E4A0-21A4-4B2A-8EFF-CFB2404C2C55}"
EndProject
Project("{9A19103F-16F7-4668-BE54-9A1E7A4F7556}") = "Digits", "Arrays\Digits\Digits.csproj", "{D7446E01-3E78-4BE1-B0F2-34DB9ED6394A}"
EndProject
Project("{9A19103F-16F7-4668-BE54-9A1E7A4F7556}") = "Kitty", "Arrays\Kitty\Kitty.csproj", "{D676DCAC-5777-4282-B5D9-90AA162CBDD7}"
EndProject
Project("{9A19103F-16F7-4668-BE54-9A1E7A4F7556}") = "Digits_v2", "Arrays\Digits_v2\Digits_v2.csproj", "{7982DD8A-161B-4F97-9A89-A2F06E6AAC08}"
EndProject
Project("{2150E333-8FDC-42A3-9474-1A3956D46DE8}") = "Numeric Systems", "Numeric Systems", "{5CA2FC33-2426-42A8-9FE2-B3E7DFA63F74}"
EndProject
Project("{9A19103F-16F7-4668-BE54-9A1E7A4F7556}") = "GCD", "Numeral Systems\GCD\GCD.csproj", "{14086DA8-562C-4855-BE30-80BB78EFCEC4}"
EndProject
Project("{9A19103F-16F7-4668-BE54-9A1E7A4F7556}") = "N Factorial", "Numeral Systems\N Factorial\N Factorial.csproj", "{43C8A88E-784F-4DD8-B5FE-567280C6F451}"
EndProject
Project("{9A19103F-16F7-4668-BE54-9A1E7A4F7556}") = "Binary Digits Count", "Numeral Systems\Binary Digits Count\Binary Digits Count.csproj", "{45AC5B46-80F3-4248-B8AE-91432A86928F}"
EndProject
Project("{FAE04EC0-301F-11D3-BF4B-00C04F79EFBC}") = "Max Sum of Subsequence", "Arrays\Max Sum of Subsequence\Max Sum of Subsequence.csproj", "{398AD93F-7E87-4582-84B9-E195ED04A6D5}"
EndProject
Global
	GlobalSection(SolutionConfigurationPlatforms) = preSolution
		Debug|Any CPU = Debug|Any CPU
		Debug|ARM = Debug|ARM
		Debug|x64 = Debug|x64
		Debug|x86 = Debug|x86
		Release|Any CPU = Release|Any CPU
		Release|ARM = Release|ARM
		Release|x64 = Release|x64
		Release|x86 = Release|x86
	EndGlobalSection
	GlobalSection(ProjectConfigurationPlatforms) = postSolution
		{5D88A6C5-D52C-4811-AB08-8DA8B55A0095}.Debug|Any CPU.ActiveCfg = Debug|Any CPU
		{5D88A6C5-D52C-4811-AB08-8DA8B55A0095}.Debug|Any CPU.Build.0 = Debug|Any CPU
		{5D88A6C5-D52C-4811-AB08-8DA8B55A0095}.Debug|ARM.ActiveCfg = Debug|Any CPU
		{5D88A6C5-D52C-4811-AB08-8DA8B55A0095}.Debug|ARM.Build.0 = Debug|Any CPU
		{5D88A6C5-D52C-4811-AB08-8DA8B55A0095}.Debug|x64.ActiveCfg = Debug|Any CPU
		{5D88A6C5-D52C-4811-AB08-8DA8B55A0095}.Debug|x64.Build.0 = Debug|Any CPU
		{5D88A6C5-D52C-4811-AB08-8DA8B55A0095}.Debug|x86.ActiveCfg = Debug|Any CPU
		{5D88A6C5-D52C-4811-AB08-8DA8B55A0095}.Debug|x86.Build.0 = Debug|Any CPU
		{5D88A6C5-D52C-4811-AB08-8DA8B55A0095}.Release|Any CPU.ActiveCfg = Release|Any CPU
		{5D88A6C5-D52C-4811-AB08-8DA8B55A0095}.Release|Any CPU.Build.0 = Release|Any CPU
		{5D88A6C5-D52C-4811-AB08-8DA8B55A0095}.Release|ARM.ActiveCfg = Release|Any CPU
		{5D88A6C5-D52C-4811-AB08-8DA8B55A0095}.Release|ARM.Build.0 = Release|Any CPU
		{5D88A6C5-D52C-4811-AB08-8DA8B55A0095}.Release|x64.ActiveCfg = Release|Any CPU
		{5D88A6C5-D52C-4811-AB08-8DA8B55A0095}.Release|x64.Build.0 = Release|Any CPU
		{5D88A6C5-D52C-4811-AB08-8DA8B55A0095}.Release|x86.ActiveCfg = Release|Any CPU
		{5D88A6C5-D52C-4811-AB08-8DA8B55A0095}.Release|x86.Build.0 = Release|Any CPU
		{370499AC-B28D-4394-9F9D-4054E7D4339B}.Debug|Any CPU.ActiveCfg = Debug|Any CPU
		{370499AC-B28D-4394-9F9D-4054E7D4339B}.Debug|Any CPU.Build.0 = Debug|Any CPU
		{370499AC-B28D-4394-9F9D-4054E7D4339B}.Debug|ARM.ActiveCfg = Debug|Any CPU
		{370499AC-B28D-4394-9F9D-4054E7D4339B}.Debug|ARM.Build.0 = Debug|Any CPU
		{370499AC-B28D-4394-9F9D-4054E7D4339B}.Debug|x64.ActiveCfg = Debug|Any CPU
		{370499AC-B28D-4394-9F9D-4054E7D4339B}.Debug|x64.Build.0 = Debug|Any CPU
		{370499AC-B28D-4394-9F9D-4054E7D4339B}.Debug|x86.ActiveCfg = Debug|Any CPU
		{370499AC-B28D-4394-9F9D-4054E7D4339B}.Debug|x86.Build.0 = Debug|Any CPU
		{370499AC-B28D-4394-9F9D-4054E7D4339B}.Release|Any CPU.ActiveCfg = Release|Any CPU
		{370499AC-B28D-4394-9F9D-4054E7D4339B}.Release|Any CPU.Build.0 = Release|Any CPU
		{370499AC-B28D-4394-9F9D-4054E7D4339B}.Release|ARM.ActiveCfg = Release|Any CPU
		{370499AC-B28D-4394-9F9D-4054E7D4339B}.Release|ARM.Build.0 = Release|Any CPU
		{370499AC-B28D-4394-9F9D-4054E7D4339B}.Release|x64.ActiveCfg = Release|Any CPU
		{370499AC-B28D-4394-9F9D-4054E7D4339B}.Release|x64.Build.0 = Release|Any CPU
		{370499AC-B28D-4394-9F9D-4054E7D4339B}.Release|x86.ActiveCfg = Release|Any CPU
		{370499AC-B28D-4394-9F9D-4054E7D4339B}.Release|x86.Build.0 = Release|Any CPU
		{20A11646-D5FF-436C-84F5-DA7CB2400A9B}.Debug|Any CPU.ActiveCfg = Debug|Any CPU
		{20A11646-D5FF-436C-84F5-DA7CB2400A9B}.Debug|Any CPU.Build.0 = Debug|Any CPU
		{20A11646-D5FF-436C-84F5-DA7CB2400A9B}.Debug|ARM.ActiveCfg = Debug|Any CPU
		{20A11646-D5FF-436C-84F5-DA7CB2400A9B}.Debug|ARM.Build.0 = Debug|Any CPU
		{20A11646-D5FF-436C-84F5-DA7CB2400A9B}.Debug|x64.ActiveCfg = Debug|Any CPU
		{20A11646-D5FF-436C-84F5-DA7CB2400A9B}.Debug|x64.Build.0 = Debug|Any CPU
		{20A11646-D5FF-436C-84F5-DA7CB2400A9B}.Debug|x86.ActiveCfg = Debug|Any CPU
		{20A11646-D5FF-436C-84F5-DA7CB2400A9B}.Debug|x86.Build.0 = Debug|Any CPU
		{20A11646-D5FF-436C-84F5-DA7CB2400A9B}.Release|Any CPU.ActiveCfg = Release|Any CPU
		{20A11646-D5FF-436C-84F5-DA7CB2400A9B}.Release|Any CPU.Build.0 = Release|Any CPU
		{20A11646-D5FF-436C-84F5-DA7CB2400A9B}.Release|ARM.ActiveCfg = Release|Any CPU
		{20A11646-D5FF-436C-84F5-DA7CB2400A9B}.Release|ARM.Build.0 = Release|Any CPU
		{20A11646-D5FF-436C-84F5-DA7CB2400A9B}.Release|x64.ActiveCfg = Release|Any CPU
		{20A11646-D5FF-436C-84F5-DA7CB2400A9B}.Release|x64.Build.0 = Release|Any CPU
		{20A11646-D5FF-436C-84F5-DA7CB2400A9B}.Release|x86.ActiveCfg = Release|Any CPU
		{20A11646-D5FF-436C-84F5-DA7CB2400A9B}.Release|x86.Build.0 = Release|Any CPU
		{505B3C73-0BA0-451C-B2FD-22A64BF1DBD5}.Debug|Any CPU.ActiveCfg = Debug|Any CPU
		{505B3C73-0BA0-451C-B2FD-22A64BF1DBD5}.Debug|Any CPU.Build.0 = Debug|Any CPU
		{505B3C73-0BA0-451C-B2FD-22A64BF1DBD5}.Debug|ARM.ActiveCfg = Debug|Any CPU
		{505B3C73-0BA0-451C-B2FD-22A64BF1DBD5}.Debug|ARM.Build.0 = Debug|Any CPU
		{505B3C73-0BA0-451C-B2FD-22A64BF1DBD5}.Debug|x64.ActiveCfg = Debug|Any CPU
		{505B3C73-0BA0-451C-B2FD-22A64BF1DBD5}.Debug|x64.Build.0 = Debug|Any CPU
		{505B3C73-0BA0-451C-B2FD-22A64BF1DBD5}.Debug|x86.ActiveCfg = Debug|Any CPU
		{505B3C73-0BA0-451C-B2FD-22A64BF1DBD5}.Debug|x86.Build.0 = Debug|Any CPU
		{505B3C73-0BA0-451C-B2FD-22A64BF1DBD5}.Release|Any CPU.ActiveCfg = Release|Any CPU
		{505B3C73-0BA0-451C-B2FD-22A64BF1DBD5}.Release|Any CPU.Build.0 = Release|Any CPU
		{505B3C73-0BA0-451C-B2FD-22A64BF1DBD5}.Release|ARM.ActiveCfg = Release|Any CPU
		{505B3C73-0BA0-451C-B2FD-22A64BF1DBD5}.Release|ARM.Build.0 = Release|Any CPU
		{505B3C73-0BA0-451C-B2FD-22A64BF1DBD5}.Release|x64.ActiveCfg = Release|Any CPU
		{505B3C73-0BA0-451C-B2FD-22A64BF1DBD5}.Release|x64.Build.0 = Release|Any CPU
		{505B3C73-0BA0-451C-B2FD-22A64BF1DBD5}.Release|x86.ActiveCfg = Release|Any CPU
		{505B3C73-0BA0-451C-B2FD-22A64BF1DBD5}.Release|x86.Build.0 = Release|Any CPU
		{28B12063-BF63-4021-B703-156DA9D74970}.Debug|Any CPU.ActiveCfg = Debug|Any CPU
		{28B12063-BF63-4021-B703-156DA9D74970}.Debug|Any CPU.Build.0 = Debug|Any CPU
		{28B12063-BF63-4021-B703-156DA9D74970}.Debug|ARM.ActiveCfg = Debug|Any CPU
		{28B12063-BF63-4021-B703-156DA9D74970}.Debug|ARM.Build.0 = Debug|Any CPU
		{28B12063-BF63-4021-B703-156DA9D74970}.Debug|x64.ActiveCfg = Debug|Any CPU
		{28B12063-BF63-4021-B703-156DA9D74970}.Debug|x64.Build.0 = Debug|Any CPU
		{28B12063-BF63-4021-B703-156DA9D74970}.Debug|x86.ActiveCfg = Debug|Any CPU
		{28B12063-BF63-4021-B703-156DA9D74970}.Debug|x86.Build.0 = Debug|Any CPU
		{28B12063-BF63-4021-B703-156DA9D74970}.Release|Any CPU.ActiveCfg = Release|Any CPU
		{28B12063-BF63-4021-B703-156DA9D74970}.Release|Any CPU.Build.0 = Release|Any CPU
		{28B12063-BF63-4021-B703-156DA9D74970}.Release|ARM.ActiveCfg = Release|Any CPU
		{28B12063-BF63-4021-B703-156DA9D74970}.Release|ARM.Build.0 = Release|Any CPU
		{28B12063-BF63-4021-B703-156DA9D74970}.Release|x64.ActiveCfg = Release|Any CPU
		{28B12063-BF63-4021-B703-156DA9D74970}.Release|x64.Build.0 = Release|Any CPU
		{28B12063-BF63-4021-B703-156DA9D74970}.Release|x86.ActiveCfg = Release|Any CPU
		{28B12063-BF63-4021-B703-156DA9D74970}.Release|x86.Build.0 = Release|Any CPU
		{1E1A533F-0DE6-486A-AB26-4259927B7305}.Debug|Any CPU.ActiveCfg = Debug|Any CPU
		{1E1A533F-0DE6-486A-AB26-4259927B7305}.Debug|Any CPU.Build.0 = Debug|Any CPU
		{1E1A533F-0DE6-486A-AB26-4259927B7305}.Debug|ARM.ActiveCfg = Debug|Any CPU
		{1E1A533F-0DE6-486A-AB26-4259927B7305}.Debug|ARM.Build.0 = Debug|Any CPU
		{1E1A533F-0DE6-486A-AB26-4259927B7305}.Debug|x64.ActiveCfg = Debug|Any CPU
		{1E1A533F-0DE6-486A-AB26-4259927B7305}.Debug|x64.Build.0 = Debug|Any CPU
		{1E1A533F-0DE6-486A-AB26-4259927B7305}.Debug|x86.ActiveCfg = Debug|Any CPU
		{1E1A533F-0DE6-486A-AB26-4259927B7305}.Debug|x86.Build.0 = Debug|Any CPU
		{1E1A533F-0DE6-486A-AB26-4259927B7305}.Release|Any CPU.ActiveCfg = Release|Any CPU
		{1E1A533F-0DE6-486A-AB26-4259927B7305}.Release|Any CPU.Build.0 = Release|Any CPU
		{1E1A533F-0DE6-486A-AB26-4259927B7305}.Release|ARM.ActiveCfg = Release|Any CPU
		{1E1A533F-0DE6-486A-AB26-4259927B7305}.Release|ARM.Build.0 = Release|Any CPU
		{1E1A533F-0DE6-486A-AB26-4259927B7305}.Release|x64.ActiveCfg = Release|Any CPU
		{1E1A533F-0DE6-486A-AB26-4259927B7305}.Release|x64.Build.0 = Release|Any CPU
		{1E1A533F-0DE6-486A-AB26-4259927B7305}.Release|x86.ActiveCfg = Release|Any CPU
		{1E1A533F-0DE6-486A-AB26-4259927B7305}.Release|x86.Build.0 = Release|Any CPU
		{74018948-8466-4771-A7FB-C65BC25DE9B3}.Debug|Any CPU.ActiveCfg = Debug|Any CPU
		{74018948-8466-4771-A7FB-C65BC25DE9B3}.Debug|Any CPU.Build.0 = Debug|Any CPU
		{74018948-8466-4771-A7FB-C65BC25DE9B3}.Debug|ARM.ActiveCfg = Debug|Any CPU
		{74018948-8466-4771-A7FB-C65BC25DE9B3}.Debug|ARM.Build.0 = Debug|Any CPU
		{74018948-8466-4771-A7FB-C65BC25DE9B3}.Debug|x64.ActiveCfg = Debug|Any CPU
		{74018948-8466-4771-A7FB-C65BC25DE9B3}.Debug|x64.Build.0 = Debug|Any CPU
		{74018948-8466-4771-A7FB-C65BC25DE9B3}.Debug|x86.ActiveCfg = Debug|Any CPU
		{74018948-8466-4771-A7FB-C65BC25DE9B3}.Debug|x86.Build.0 = Debug|Any CPU
		{74018948-8466-4771-A7FB-C65BC25DE9B3}.Release|Any CPU.ActiveCfg = Release|Any CPU
		{74018948-8466-4771-A7FB-C65BC25DE9B3}.Release|Any CPU.Build.0 = Release|Any CPU
		{74018948-8466-4771-A7FB-C65BC25DE9B3}.Release|ARM.ActiveCfg = Release|Any CPU
		{74018948-8466-4771-A7FB-C65BC25DE9B3}.Release|ARM.Build.0 = Release|Any CPU
		{74018948-8466-4771-A7FB-C65BC25DE9B3}.Release|x64.ActiveCfg = Release|Any CPU
		{74018948-8466-4771-A7FB-C65BC25DE9B3}.Release|x64.Build.0 = Release|Any CPU
		{74018948-8466-4771-A7FB-C65BC25DE9B3}.Release|x86.ActiveCfg = Release|Any CPU
		{74018948-8466-4771-A7FB-C65BC25DE9B3}.Release|x86.Build.0 = Release|Any CPU
		{AC2D40D7-F578-4BC4-8020-556876CB42A1}.Debug|Any CPU.ActiveCfg = Debug|Any CPU
		{AC2D40D7-F578-4BC4-8020-556876CB42A1}.Debug|Any CPU.Build.0 = Debug|Any CPU
		{AC2D40D7-F578-4BC4-8020-556876CB42A1}.Debug|ARM.ActiveCfg = Debug|Any CPU
		{AC2D40D7-F578-4BC4-8020-556876CB42A1}.Debug|ARM.Build.0 = Debug|Any CPU
		{AC2D40D7-F578-4BC4-8020-556876CB42A1}.Debug|x64.ActiveCfg = Debug|Any CPU
		{AC2D40D7-F578-4BC4-8020-556876CB42A1}.Debug|x64.Build.0 = Debug|Any CPU
		{AC2D40D7-F578-4BC4-8020-556876CB42A1}.Debug|x86.ActiveCfg = Debug|Any CPU
		{AC2D40D7-F578-4BC4-8020-556876CB42A1}.Debug|x86.Build.0 = Debug|Any CPU
		{AC2D40D7-F578-4BC4-8020-556876CB42A1}.Release|Any CPU.ActiveCfg = Release|Any CPU
		{AC2D40D7-F578-4BC4-8020-556876CB42A1}.Release|Any CPU.Build.0 = Release|Any CPU
		{AC2D40D7-F578-4BC4-8020-556876CB42A1}.Release|ARM.ActiveCfg = Release|Any CPU
		{AC2D40D7-F578-4BC4-8020-556876CB42A1}.Release|ARM.Build.0 = Release|Any CPU
		{AC2D40D7-F578-4BC4-8020-556876CB42A1}.Release|x64.ActiveCfg = Release|Any CPU
		{AC2D40D7-F578-4BC4-8020-556876CB42A1}.Release|x64.Build.0 = Release|Any CPU
		{AC2D40D7-F578-4BC4-8020-556876CB42A1}.Release|x86.ActiveCfg = Release|Any CPU
		{AC2D40D7-F578-4BC4-8020-556876CB42A1}.Release|x86.Build.0 = Release|Any CPU
		{13262055-B378-4E77-8BDF-0A344885F39B}.Debug|Any CPU.ActiveCfg = Debug|Any CPU
		{13262055-B378-4E77-8BDF-0A344885F39B}.Debug|Any CPU.Build.0 = Debug|Any CPU
		{13262055-B378-4E77-8BDF-0A344885F39B}.Debug|ARM.ActiveCfg = Debug|Any CPU
		{13262055-B378-4E77-8BDF-0A344885F39B}.Debug|ARM.Build.0 = Debug|Any CPU
		{13262055-B378-4E77-8BDF-0A344885F39B}.Debug|x64.ActiveCfg = Debug|Any CPU
		{13262055-B378-4E77-8BDF-0A344885F39B}.Debug|x64.Build.0 = Debug|Any CPU
		{13262055-B378-4E77-8BDF-0A344885F39B}.Debug|x86.ActiveCfg = Debug|Any CPU
		{13262055-B378-4E77-8BDF-0A344885F39B}.Debug|x86.Build.0 = Debug|Any CPU
		{13262055-B378-4E77-8BDF-0A344885F39B}.Release|Any CPU.ActiveCfg = Release|Any CPU
		{13262055-B378-4E77-8BDF-0A344885F39B}.Release|Any CPU.Build.0 = Release|Any CPU
		{13262055-B378-4E77-8BDF-0A344885F39B}.Release|ARM.ActiveCfg = Release|Any CPU
		{13262055-B378-4E77-8BDF-0A344885F39B}.Release|ARM.Build.0 = Release|Any CPU
		{13262055-B378-4E77-8BDF-0A344885F39B}.Release|x64.ActiveCfg = Release|Any CPU
		{13262055-B378-4E77-8BDF-0A344885F39B}.Release|x64.Build.0 = Release|Any CPU
		{13262055-B378-4E77-8BDF-0A344885F39B}.Release|x86.ActiveCfg = Release|Any CPU
		{13262055-B378-4E77-8BDF-0A344885F39B}.Release|x86.Build.0 = Release|Any CPU
		{D46E70CE-9826-4980-B3CA-FE2BE07B48E7}.Debug|Any CPU.ActiveCfg = Debug|Any CPU
		{D46E70CE-9826-4980-B3CA-FE2BE07B48E7}.Debug|Any CPU.Build.0 = Debug|Any CPU
		{D46E70CE-9826-4980-B3CA-FE2BE07B48E7}.Debug|ARM.ActiveCfg = Debug|Any CPU
		{D46E70CE-9826-4980-B3CA-FE2BE07B48E7}.Debug|ARM.Build.0 = Debug|Any CPU
		{D46E70CE-9826-4980-B3CA-FE2BE07B48E7}.Debug|x64.ActiveCfg = Debug|Any CPU
		{D46E70CE-9826-4980-B3CA-FE2BE07B48E7}.Debug|x64.Build.0 = Debug|Any CPU
		{D46E70CE-9826-4980-B3CA-FE2BE07B48E7}.Debug|x86.ActiveCfg = Debug|Any CPU
		{D46E70CE-9826-4980-B3CA-FE2BE07B48E7}.Debug|x86.Build.0 = Debug|Any CPU
		{D46E70CE-9826-4980-B3CA-FE2BE07B48E7}.Release|Any CPU.ActiveCfg = Release|Any CPU
		{D46E70CE-9826-4980-B3CA-FE2BE07B48E7}.Release|Any CPU.Build.0 = Release|Any CPU
		{D46E70CE-9826-4980-B3CA-FE2BE07B48E7}.Release|ARM.ActiveCfg = Release|Any CPU
		{D46E70CE-9826-4980-B3CA-FE2BE07B48E7}.Release|ARM.Build.0 = Release|Any CPU
		{D46E70CE-9826-4980-B3CA-FE2BE07B48E7}.Release|x64.ActiveCfg = Release|Any CPU
		{D46E70CE-9826-4980-B3CA-FE2BE07B48E7}.Release|x64.Build.0 = Release|Any CPU
		{D46E70CE-9826-4980-B3CA-FE2BE07B48E7}.Release|x86.ActiveCfg = Release|Any CPU
		{D46E70CE-9826-4980-B3CA-FE2BE07B48E7}.Release|x86.Build.0 = Release|Any CPU
		{43E7C34B-7525-43B3-9D14-B19D3999D150}.Debug|Any CPU.ActiveCfg = Debug|Any CPU
		{43E7C34B-7525-43B3-9D14-B19D3999D150}.Debug|Any CPU.Build.0 = Debug|Any CPU
		{43E7C34B-7525-43B3-9D14-B19D3999D150}.Debug|ARM.ActiveCfg = Debug|Any CPU
		{43E7C34B-7525-43B3-9D14-B19D3999D150}.Debug|ARM.Build.0 = Debug|Any CPU
		{43E7C34B-7525-43B3-9D14-B19D3999D150}.Debug|x64.ActiveCfg = Debug|Any CPU
		{43E7C34B-7525-43B3-9D14-B19D3999D150}.Debug|x64.Build.0 = Debug|Any CPU
		{43E7C34B-7525-43B3-9D14-B19D3999D150}.Debug|x86.ActiveCfg = Debug|Any CPU
		{43E7C34B-7525-43B3-9D14-B19D3999D150}.Debug|x86.Build.0 = Debug|Any CPU
		{43E7C34B-7525-43B3-9D14-B19D3999D150}.Release|Any CPU.ActiveCfg = Release|Any CPU
		{43E7C34B-7525-43B3-9D14-B19D3999D150}.Release|Any CPU.Build.0 = Release|Any CPU
		{43E7C34B-7525-43B3-9D14-B19D3999D150}.Release|ARM.ActiveCfg = Release|Any CPU
		{43E7C34B-7525-43B3-9D14-B19D3999D150}.Release|ARM.Build.0 = Release|Any CPU
		{43E7C34B-7525-43B3-9D14-B19D3999D150}.Release|x64.ActiveCfg = Release|Any CPU
		{43E7C34B-7525-43B3-9D14-B19D3999D150}.Release|x64.Build.0 = Release|Any CPU
		{43E7C34B-7525-43B3-9D14-B19D3999D150}.Release|x86.ActiveCfg = Release|Any CPU
		{43E7C34B-7525-43B3-9D14-B19D3999D150}.Release|x86.Build.0 = Release|Any CPU
		{D56BDEC1-422C-4072-A4B2-6423FD63EF8E}.Debug|Any CPU.ActiveCfg = Debug|Any CPU
		{D56BDEC1-422C-4072-A4B2-6423FD63EF8E}.Debug|Any CPU.Build.0 = Debug|Any CPU
		{D56BDEC1-422C-4072-A4B2-6423FD63EF8E}.Debug|ARM.ActiveCfg = Debug|Any CPU
		{D56BDEC1-422C-4072-A4B2-6423FD63EF8E}.Debug|ARM.Build.0 = Debug|Any CPU
		{D56BDEC1-422C-4072-A4B2-6423FD63EF8E}.Debug|x64.ActiveCfg = Debug|Any CPU
		{D56BDEC1-422C-4072-A4B2-6423FD63EF8E}.Debug|x64.Build.0 = Debug|Any CPU
		{D56BDEC1-422C-4072-A4B2-6423FD63EF8E}.Debug|x86.ActiveCfg = Debug|Any CPU
		{D56BDEC1-422C-4072-A4B2-6423FD63EF8E}.Debug|x86.Build.0 = Debug|Any CPU
		{D56BDEC1-422C-4072-A4B2-6423FD63EF8E}.Release|Any CPU.ActiveCfg = Release|Any CPU
		{D56BDEC1-422C-4072-A4B2-6423FD63EF8E}.Release|Any CPU.Build.0 = Release|Any CPU
		{D56BDEC1-422C-4072-A4B2-6423FD63EF8E}.Release|ARM.ActiveCfg = Release|Any CPU
		{D56BDEC1-422C-4072-A4B2-6423FD63EF8E}.Release|ARM.Build.0 = Release|Any CPU
		{D56BDEC1-422C-4072-A4B2-6423FD63EF8E}.Release|x64.ActiveCfg = Release|Any CPU
		{D56BDEC1-422C-4072-A4B2-6423FD63EF8E}.Release|x64.Build.0 = Release|Any CPU
		{D56BDEC1-422C-4072-A4B2-6423FD63EF8E}.Release|x86.ActiveCfg = Release|Any CPU
		{D56BDEC1-422C-4072-A4B2-6423FD63EF8E}.Release|x86.Build.0 = Release|Any CPU
		{EC7126DC-1CC6-49F7-A090-F2B85454C5E0}.Debug|Any CPU.ActiveCfg = Debug|Any CPU
		{EC7126DC-1CC6-49F7-A090-F2B85454C5E0}.Debug|Any CPU.Build.0 = Debug|Any CPU
		{EC7126DC-1CC6-49F7-A090-F2B85454C5E0}.Debug|ARM.ActiveCfg = Debug|Any CPU
		{EC7126DC-1CC6-49F7-A090-F2B85454C5E0}.Debug|ARM.Build.0 = Debug|Any CPU
		{EC7126DC-1CC6-49F7-A090-F2B85454C5E0}.Debug|x64.ActiveCfg = Debug|Any CPU
		{EC7126DC-1CC6-49F7-A090-F2B85454C5E0}.Debug|x64.Build.0 = Debug|Any CPU
		{EC7126DC-1CC6-49F7-A090-F2B85454C5E0}.Debug|x86.ActiveCfg = Debug|Any CPU
		{EC7126DC-1CC6-49F7-A090-F2B85454C5E0}.Debug|x86.Build.0 = Debug|Any CPU
		{EC7126DC-1CC6-49F7-A090-F2B85454C5E0}.Release|Any CPU.ActiveCfg = Release|Any CPU
		{EC7126DC-1CC6-49F7-A090-F2B85454C5E0}.Release|Any CPU.Build.0 = Release|Any CPU
		{EC7126DC-1CC6-49F7-A090-F2B85454C5E0}.Release|ARM.ActiveCfg = Release|Any CPU
		{EC7126DC-1CC6-49F7-A090-F2B85454C5E0}.Release|ARM.Build.0 = Release|Any CPU
		{EC7126DC-1CC6-49F7-A090-F2B85454C5E0}.Release|x64.ActiveCfg = Release|Any CPU
		{EC7126DC-1CC6-49F7-A090-F2B85454C5E0}.Release|x64.Build.0 = Release|Any CPU
		{EC7126DC-1CC6-49F7-A090-F2B85454C5E0}.Release|x86.ActiveCfg = Release|Any CPU
		{EC7126DC-1CC6-49F7-A090-F2B85454C5E0}.Release|x86.Build.0 = Release|Any CPU
		{3F12317B-731C-4B20-B2BC-DABDEBC88C24}.Debug|Any CPU.ActiveCfg = Debug|Any CPU
		{3F12317B-731C-4B20-B2BC-DABDEBC88C24}.Debug|Any CPU.Build.0 = Debug|Any CPU
		{3F12317B-731C-4B20-B2BC-DABDEBC88C24}.Debug|ARM.ActiveCfg = Debug|Any CPU
		{3F12317B-731C-4B20-B2BC-DABDEBC88C24}.Debug|ARM.Build.0 = Debug|Any CPU
		{3F12317B-731C-4B20-B2BC-DABDEBC88C24}.Debug|x64.ActiveCfg = Debug|Any CPU
		{3F12317B-731C-4B20-B2BC-DABDEBC88C24}.Debug|x64.Build.0 = Debug|Any CPU
		{3F12317B-731C-4B20-B2BC-DABDEBC88C24}.Debug|x86.ActiveCfg = Debug|Any CPU
		{3F12317B-731C-4B20-B2BC-DABDEBC88C24}.Debug|x86.Build.0 = Debug|Any CPU
		{3F12317B-731C-4B20-B2BC-DABDEBC88C24}.Release|Any CPU.ActiveCfg = Release|Any CPU
		{3F12317B-731C-4B20-B2BC-DABDEBC88C24}.Release|Any CPU.Build.0 = Release|Any CPU
		{3F12317B-731C-4B20-B2BC-DABDEBC88C24}.Release|ARM.ActiveCfg = Release|Any CPU
		{3F12317B-731C-4B20-B2BC-DABDEBC88C24}.Release|ARM.Build.0 = Release|Any CPU
		{3F12317B-731C-4B20-B2BC-DABDEBC88C24}.Release|x64.ActiveCfg = Release|Any CPU
		{3F12317B-731C-4B20-B2BC-DABDEBC88C24}.Release|x64.Build.0 = Release|Any CPU
		{3F12317B-731C-4B20-B2BC-DABDEBC88C24}.Release|x86.ActiveCfg = Release|Any CPU
		{3F12317B-731C-4B20-B2BC-DABDEBC88C24}.Release|x86.Build.0 = Release|Any CPU
		{A5C83269-72C0-414C-B9AB-A936FDBA683B}.Debug|Any CPU.ActiveCfg = Debug|Any CPU
		{A5C83269-72C0-414C-B9AB-A936FDBA683B}.Debug|Any CPU.Build.0 = Debug|Any CPU
		{A5C83269-72C0-414C-B9AB-A936FDBA683B}.Debug|ARM.ActiveCfg = Debug|Any CPU
		{A5C83269-72C0-414C-B9AB-A936FDBA683B}.Debug|ARM.Build.0 = Debug|Any CPU
		{A5C83269-72C0-414C-B9AB-A936FDBA683B}.Debug|x64.ActiveCfg = Debug|Any CPU
		{A5C83269-72C0-414C-B9AB-A936FDBA683B}.Debug|x64.Build.0 = Debug|Any CPU
		{A5C83269-72C0-414C-B9AB-A936FDBA683B}.Debug|x86.ActiveCfg = Debug|Any CPU
		{A5C83269-72C0-414C-B9AB-A936FDBA683B}.Debug|x86.Build.0 = Debug|Any CPU
		{A5C83269-72C0-414C-B9AB-A936FDBA683B}.Release|Any CPU.ActiveCfg = Release|Any CPU
		{A5C83269-72C0-414C-B9AB-A936FDBA683B}.Release|Any CPU.Build.0 = Release|Any CPU
		{A5C83269-72C0-414C-B9AB-A936FDBA683B}.Release|ARM.ActiveCfg = Release|Any CPU
		{A5C83269-72C0-414C-B9AB-A936FDBA683B}.Release|ARM.Build.0 = Release|Any CPU
		{A5C83269-72C0-414C-B9AB-A936FDBA683B}.Release|x64.ActiveCfg = Release|Any CPU
		{A5C83269-72C0-414C-B9AB-A936FDBA683B}.Release|x64.Build.0 = Release|Any CPU
		{A5C83269-72C0-414C-B9AB-A936FDBA683B}.Release|x86.ActiveCfg = Release|Any CPU
		{A5C83269-72C0-414C-B9AB-A936FDBA683B}.Release|x86.Build.0 = Release|Any CPU
		{015EB1D1-1D8F-4B81-935B-DD6E00725A69}.Debug|Any CPU.ActiveCfg = Debug|Any CPU
		{015EB1D1-1D8F-4B81-935B-DD6E00725A69}.Debug|Any CPU.Build.0 = Debug|Any CPU
		{015EB1D1-1D8F-4B81-935B-DD6E00725A69}.Debug|ARM.ActiveCfg = Debug|Any CPU
		{015EB1D1-1D8F-4B81-935B-DD6E00725A69}.Debug|ARM.Build.0 = Debug|Any CPU
		{015EB1D1-1D8F-4B81-935B-DD6E00725A69}.Debug|x64.ActiveCfg = Debug|Any CPU
		{015EB1D1-1D8F-4B81-935B-DD6E00725A69}.Debug|x64.Build.0 = Debug|Any CPU
		{015EB1D1-1D8F-4B81-935B-DD6E00725A69}.Debug|x86.ActiveCfg = Debug|Any CPU
		{015EB1D1-1D8F-4B81-935B-DD6E00725A69}.Debug|x86.Build.0 = Debug|Any CPU
		{015EB1D1-1D8F-4B81-935B-DD6E00725A69}.Release|Any CPU.ActiveCfg = Release|Any CPU
		{015EB1D1-1D8F-4B81-935B-DD6E00725A69}.Release|Any CPU.Build.0 = Release|Any CPU
		{015EB1D1-1D8F-4B81-935B-DD6E00725A69}.Release|ARM.ActiveCfg = Release|Any CPU
		{015EB1D1-1D8F-4B81-935B-DD6E00725A69}.Release|ARM.Build.0 = Release|Any CPU
		{015EB1D1-1D8F-4B81-935B-DD6E00725A69}.Release|x64.ActiveCfg = Release|Any CPU
		{015EB1D1-1D8F-4B81-935B-DD6E00725A69}.Release|x64.Build.0 = Release|Any CPU
		{015EB1D1-1D8F-4B81-935B-DD6E00725A69}.Release|x86.ActiveCfg = Release|Any CPU
		{015EB1D1-1D8F-4B81-935B-DD6E00725A69}.Release|x86.Build.0 = Release|Any CPU
		{953E3CE3-6856-4696-A2C6-86E213BFEB09}.Debug|Any CPU.ActiveCfg = Debug|Any CPU
		{953E3CE3-6856-4696-A2C6-86E213BFEB09}.Debug|Any CPU.Build.0 = Debug|Any CPU
		{953E3CE3-6856-4696-A2C6-86E213BFEB09}.Debug|ARM.ActiveCfg = Debug|Any CPU
		{953E3CE3-6856-4696-A2C6-86E213BFEB09}.Debug|ARM.Build.0 = Debug|Any CPU
		{953E3CE3-6856-4696-A2C6-86E213BFEB09}.Debug|x64.ActiveCfg = Debug|Any CPU
		{953E3CE3-6856-4696-A2C6-86E213BFEB09}.Debug|x64.Build.0 = Debug|Any CPU
		{953E3CE3-6856-4696-A2C6-86E213BFEB09}.Debug|x86.ActiveCfg = Debug|Any CPU
		{953E3CE3-6856-4696-A2C6-86E213BFEB09}.Debug|x86.Build.0 = Debug|Any CPU
		{953E3CE3-6856-4696-A2C6-86E213BFEB09}.Release|Any CPU.ActiveCfg = Release|Any CPU
		{953E3CE3-6856-4696-A2C6-86E213BFEB09}.Release|Any CPU.Build.0 = Release|Any CPU
		{953E3CE3-6856-4696-A2C6-86E213BFEB09}.Release|ARM.ActiveCfg = Release|Any CPU
		{953E3CE3-6856-4696-A2C6-86E213BFEB09}.Release|ARM.Build.0 = Release|Any CPU
		{953E3CE3-6856-4696-A2C6-86E213BFEB09}.Release|x64.ActiveCfg = Release|Any CPU
		{953E3CE3-6856-4696-A2C6-86E213BFEB09}.Release|x64.Build.0 = Release|Any CPU
		{953E3CE3-6856-4696-A2C6-86E213BFEB09}.Release|x86.ActiveCfg = Release|Any CPU
		{953E3CE3-6856-4696-A2C6-86E213BFEB09}.Release|x86.Build.0 = Release|Any CPU
		{F0BD262E-76C6-4159-B720-0E0D04ABBBC4}.Debug|Any CPU.ActiveCfg = Debug|Any CPU
		{F0BD262E-76C6-4159-B720-0E0D04ABBBC4}.Debug|Any CPU.Build.0 = Debug|Any CPU
		{F0BD262E-76C6-4159-B720-0E0D04ABBBC4}.Debug|ARM.ActiveCfg = Debug|Any CPU
		{F0BD262E-76C6-4159-B720-0E0D04ABBBC4}.Debug|ARM.Build.0 = Debug|Any CPU
		{F0BD262E-76C6-4159-B720-0E0D04ABBBC4}.Debug|x64.ActiveCfg = Debug|Any CPU
		{F0BD262E-76C6-4159-B720-0E0D04ABBBC4}.Debug|x64.Build.0 = Debug|Any CPU
		{F0BD262E-76C6-4159-B720-0E0D04ABBBC4}.Debug|x86.ActiveCfg = Debug|Any CPU
		{F0BD262E-76C6-4159-B720-0E0D04ABBBC4}.Debug|x86.Build.0 = Debug|Any CPU
		{F0BD262E-76C6-4159-B720-0E0D04ABBBC4}.Release|Any CPU.ActiveCfg = Release|Any CPU
		{F0BD262E-76C6-4159-B720-0E0D04ABBBC4}.Release|Any CPU.Build.0 = Release|Any CPU
		{F0BD262E-76C6-4159-B720-0E0D04ABBBC4}.Release|ARM.ActiveCfg = Release|Any CPU
		{F0BD262E-76C6-4159-B720-0E0D04ABBBC4}.Release|ARM.Build.0 = Release|Any CPU
		{F0BD262E-76C6-4159-B720-0E0D04ABBBC4}.Release|x64.ActiveCfg = Release|Any CPU
		{F0BD262E-76C6-4159-B720-0E0D04ABBBC4}.Release|x64.Build.0 = Release|Any CPU
		{F0BD262E-76C6-4159-B720-0E0D04ABBBC4}.Release|x86.ActiveCfg = Release|Any CPU
		{F0BD262E-76C6-4159-B720-0E0D04ABBBC4}.Release|x86.Build.0 = Release|Any CPU
		{C500F01E-C5A4-4EFF-B010-EA8008637427}.Debug|Any CPU.ActiveCfg = Debug|Any CPU
		{C500F01E-C5A4-4EFF-B010-EA8008637427}.Debug|Any CPU.Build.0 = Debug|Any CPU
		{C500F01E-C5A4-4EFF-B010-EA8008637427}.Debug|ARM.ActiveCfg = Debug|Any CPU
		{C500F01E-C5A4-4EFF-B010-EA8008637427}.Debug|ARM.Build.0 = Debug|Any CPU
		{C500F01E-C5A4-4EFF-B010-EA8008637427}.Debug|x64.ActiveCfg = Debug|Any CPU
		{C500F01E-C5A4-4EFF-B010-EA8008637427}.Debug|x64.Build.0 = Debug|Any CPU
		{C500F01E-C5A4-4EFF-B010-EA8008637427}.Debug|x86.ActiveCfg = Debug|Any CPU
		{C500F01E-C5A4-4EFF-B010-EA8008637427}.Debug|x86.Build.0 = Debug|Any CPU
		{C500F01E-C5A4-4EFF-B010-EA8008637427}.Release|Any CPU.ActiveCfg = Release|Any CPU
		{C500F01E-C5A4-4EFF-B010-EA8008637427}.Release|Any CPU.Build.0 = Release|Any CPU
		{C500F01E-C5A4-4EFF-B010-EA8008637427}.Release|ARM.ActiveCfg = Release|Any CPU
		{C500F01E-C5A4-4EFF-B010-EA8008637427}.Release|ARM.Build.0 = Release|Any CPU
		{C500F01E-C5A4-4EFF-B010-EA8008637427}.Release|x64.ActiveCfg = Release|Any CPU
		{C500F01E-C5A4-4EFF-B010-EA8008637427}.Release|x64.Build.0 = Release|Any CPU
		{C500F01E-C5A4-4EFF-B010-EA8008637427}.Release|x86.ActiveCfg = Release|Any CPU
		{C500F01E-C5A4-4EFF-B010-EA8008637427}.Release|x86.Build.0 = Release|Any CPU
		{D7ABDC45-4E95-4E0F-A1D7-A39BA28319B9}.Debug|Any CPU.ActiveCfg = Debug|Any CPU
		{D7ABDC45-4E95-4E0F-A1D7-A39BA28319B9}.Debug|Any CPU.Build.0 = Debug|Any CPU
		{D7ABDC45-4E95-4E0F-A1D7-A39BA28319B9}.Debug|ARM.ActiveCfg = Debug|Any CPU
		{D7ABDC45-4E95-4E0F-A1D7-A39BA28319B9}.Debug|ARM.Build.0 = Debug|Any CPU
		{D7ABDC45-4E95-4E0F-A1D7-A39BA28319B9}.Debug|x64.ActiveCfg = Debug|Any CPU
		{D7ABDC45-4E95-4E0F-A1D7-A39BA28319B9}.Debug|x64.Build.0 = Debug|Any CPU
		{D7ABDC45-4E95-4E0F-A1D7-A39BA28319B9}.Debug|x86.ActiveCfg = Debug|Any CPU
		{D7ABDC45-4E95-4E0F-A1D7-A39BA28319B9}.Debug|x86.Build.0 = Debug|Any CPU
		{D7ABDC45-4E95-4E0F-A1D7-A39BA28319B9}.Release|Any CPU.ActiveCfg = Release|Any CPU
		{D7ABDC45-4E95-4E0F-A1D7-A39BA28319B9}.Release|Any CPU.Build.0 = Release|Any CPU
		{D7ABDC45-4E95-4E0F-A1D7-A39BA28319B9}.Release|ARM.ActiveCfg = Release|Any CPU
		{D7ABDC45-4E95-4E0F-A1D7-A39BA28319B9}.Release|ARM.Build.0 = Release|Any CPU
		{D7ABDC45-4E95-4E0F-A1D7-A39BA28319B9}.Release|x64.ActiveCfg = Release|Any CPU
		{D7ABDC45-4E95-4E0F-A1D7-A39BA28319B9}.Release|x64.Build.0 = Release|Any CPU
		{D7ABDC45-4E95-4E0F-A1D7-A39BA28319B9}.Release|x86.ActiveCfg = Release|Any CPU
		{D7ABDC45-4E95-4E0F-A1D7-A39BA28319B9}.Release|x86.Build.0 = Release|Any CPU
		{0DE8BD6E-F7C9-4CF4-AEAA-0D2C769E56CC}.Debug|Any CPU.ActiveCfg = Debug|Any CPU
		{0DE8BD6E-F7C9-4CF4-AEAA-0D2C769E56CC}.Debug|Any CPU.Build.0 = Debug|Any CPU
		{0DE8BD6E-F7C9-4CF4-AEAA-0D2C769E56CC}.Debug|ARM.ActiveCfg = Debug|Any CPU
		{0DE8BD6E-F7C9-4CF4-AEAA-0D2C769E56CC}.Debug|ARM.Build.0 = Debug|Any CPU
		{0DE8BD6E-F7C9-4CF4-AEAA-0D2C769E56CC}.Debug|x64.ActiveCfg = Debug|Any CPU
		{0DE8BD6E-F7C9-4CF4-AEAA-0D2C769E56CC}.Debug|x64.Build.0 = Debug|Any CPU
		{0DE8BD6E-F7C9-4CF4-AEAA-0D2C769E56CC}.Debug|x86.ActiveCfg = Debug|Any CPU
		{0DE8BD6E-F7C9-4CF4-AEAA-0D2C769E56CC}.Debug|x86.Build.0 = Debug|Any CPU
		{0DE8BD6E-F7C9-4CF4-AEAA-0D2C769E56CC}.Release|Any CPU.ActiveCfg = Release|Any CPU
		{0DE8BD6E-F7C9-4CF4-AEAA-0D2C769E56CC}.Release|Any CPU.Build.0 = Release|Any CPU
		{0DE8BD6E-F7C9-4CF4-AEAA-0D2C769E56CC}.Release|ARM.ActiveCfg = Release|Any CPU
		{0DE8BD6E-F7C9-4CF4-AEAA-0D2C769E56CC}.Release|ARM.Build.0 = Release|Any CPU
		{0DE8BD6E-F7C9-4CF4-AEAA-0D2C769E56CC}.Release|x64.ActiveCfg = Release|Any CPU
		{0DE8BD6E-F7C9-4CF4-AEAA-0D2C769E56CC}.Release|x64.Build.0 = Release|Any CPU
		{0DE8BD6E-F7C9-4CF4-AEAA-0D2C769E56CC}.Release|x86.ActiveCfg = Release|Any CPU
		{0DE8BD6E-F7C9-4CF4-AEAA-0D2C769E56CC}.Release|x86.Build.0 = Release|Any CPU
		{1F887CD6-1C5A-436B-9C5E-19F7585CEE97}.Debug|Any CPU.ActiveCfg = Debug|Any CPU
		{1F887CD6-1C5A-436B-9C5E-19F7585CEE97}.Debug|Any CPU.Build.0 = Debug|Any CPU
		{1F887CD6-1C5A-436B-9C5E-19F7585CEE97}.Debug|ARM.ActiveCfg = Debug|Any CPU
		{1F887CD6-1C5A-436B-9C5E-19F7585CEE97}.Debug|ARM.Build.0 = Debug|Any CPU
		{1F887CD6-1C5A-436B-9C5E-19F7585CEE97}.Debug|x64.ActiveCfg = Debug|Any CPU
		{1F887CD6-1C5A-436B-9C5E-19F7585CEE97}.Debug|x64.Build.0 = Debug|Any CPU
		{1F887CD6-1C5A-436B-9C5E-19F7585CEE97}.Debug|x86.ActiveCfg = Debug|Any CPU
		{1F887CD6-1C5A-436B-9C5E-19F7585CEE97}.Debug|x86.Build.0 = Debug|Any CPU
		{1F887CD6-1C5A-436B-9C5E-19F7585CEE97}.Release|Any CPU.ActiveCfg = Release|Any CPU
		{1F887CD6-1C5A-436B-9C5E-19F7585CEE97}.Release|Any CPU.Build.0 = Release|Any CPU
		{1F887CD6-1C5A-436B-9C5E-19F7585CEE97}.Release|ARM.ActiveCfg = Release|Any CPU
		{1F887CD6-1C5A-436B-9C5E-19F7585CEE97}.Release|ARM.Build.0 = Release|Any CPU
		{1F887CD6-1C5A-436B-9C5E-19F7585CEE97}.Release|x64.ActiveCfg = Release|Any CPU
		{1F887CD6-1C5A-436B-9C5E-19F7585CEE97}.Release|x64.Build.0 = Release|Any CPU
		{1F887CD6-1C5A-436B-9C5E-19F7585CEE97}.Release|x86.ActiveCfg = Release|Any CPU
		{1F887CD6-1C5A-436B-9C5E-19F7585CEE97}.Release|x86.Build.0 = Release|Any CPU
		{DD50931E-072C-4243-9BDC-671C81112B35}.Debug|Any CPU.ActiveCfg = Debug|Any CPU
		{DD50931E-072C-4243-9BDC-671C81112B35}.Debug|Any CPU.Build.0 = Debug|Any CPU
		{DD50931E-072C-4243-9BDC-671C81112B35}.Debug|ARM.ActiveCfg = Debug|Any CPU
		{DD50931E-072C-4243-9BDC-671C81112B35}.Debug|ARM.Build.0 = Debug|Any CPU
		{DD50931E-072C-4243-9BDC-671C81112B35}.Debug|x64.ActiveCfg = Debug|Any CPU
		{DD50931E-072C-4243-9BDC-671C81112B35}.Debug|x64.Build.0 = Debug|Any CPU
		{DD50931E-072C-4243-9BDC-671C81112B35}.Debug|x86.ActiveCfg = Debug|Any CPU
		{DD50931E-072C-4243-9BDC-671C81112B35}.Debug|x86.Build.0 = Debug|Any CPU
		{DD50931E-072C-4243-9BDC-671C81112B35}.Release|Any CPU.ActiveCfg = Release|Any CPU
		{DD50931E-072C-4243-9BDC-671C81112B35}.Release|Any CPU.Build.0 = Release|Any CPU
		{DD50931E-072C-4243-9BDC-671C81112B35}.Release|ARM.ActiveCfg = Release|Any CPU
		{DD50931E-072C-4243-9BDC-671C81112B35}.Release|ARM.Build.0 = Release|Any CPU
		{DD50931E-072C-4243-9BDC-671C81112B35}.Release|x64.ActiveCfg = Release|Any CPU
		{DD50931E-072C-4243-9BDC-671C81112B35}.Release|x64.Build.0 = Release|Any CPU
		{DD50931E-072C-4243-9BDC-671C81112B35}.Release|x86.ActiveCfg = Release|Any CPU
		{DD50931E-072C-4243-9BDC-671C81112B35}.Release|x86.Build.0 = Release|Any CPU
		{D1AAD36A-EAB1-4890-965B-2F277570E2CA}.Debug|Any CPU.ActiveCfg = Debug|Any CPU
		{D1AAD36A-EAB1-4890-965B-2F277570E2CA}.Debug|Any CPU.Build.0 = Debug|Any CPU
		{D1AAD36A-EAB1-4890-965B-2F277570E2CA}.Debug|ARM.ActiveCfg = Debug|Any CPU
		{D1AAD36A-EAB1-4890-965B-2F277570E2CA}.Debug|ARM.Build.0 = Debug|Any CPU
		{D1AAD36A-EAB1-4890-965B-2F277570E2CA}.Debug|x64.ActiveCfg = Debug|Any CPU
		{D1AAD36A-EAB1-4890-965B-2F277570E2CA}.Debug|x64.Build.0 = Debug|Any CPU
		{D1AAD36A-EAB1-4890-965B-2F277570E2CA}.Debug|x86.ActiveCfg = Debug|Any CPU
		{D1AAD36A-EAB1-4890-965B-2F277570E2CA}.Debug|x86.Build.0 = Debug|Any CPU
		{D1AAD36A-EAB1-4890-965B-2F277570E2CA}.Release|Any CPU.ActiveCfg = Release|Any CPU
		{D1AAD36A-EAB1-4890-965B-2F277570E2CA}.Release|Any CPU.Build.0 = Release|Any CPU
		{D1AAD36A-EAB1-4890-965B-2F277570E2CA}.Release|ARM.ActiveCfg = Release|Any CPU
		{D1AAD36A-EAB1-4890-965B-2F277570E2CA}.Release|ARM.Build.0 = Release|Any CPU
		{D1AAD36A-EAB1-4890-965B-2F277570E2CA}.Release|x64.ActiveCfg = Release|Any CPU
		{D1AAD36A-EAB1-4890-965B-2F277570E2CA}.Release|x64.Build.0 = Release|Any CPU
		{D1AAD36A-EAB1-4890-965B-2F277570E2CA}.Release|x86.ActiveCfg = Release|Any CPU
		{D1AAD36A-EAB1-4890-965B-2F277570E2CA}.Release|x86.Build.0 = Release|Any CPU
		{FEC67D1A-FBC1-4EB8-821F-8F5CD7EFD5B2}.Debug|Any CPU.ActiveCfg = Debug|Any CPU
		{FEC67D1A-FBC1-4EB8-821F-8F5CD7EFD5B2}.Debug|Any CPU.Build.0 = Debug|Any CPU
		{FEC67D1A-FBC1-4EB8-821F-8F5CD7EFD5B2}.Debug|ARM.ActiveCfg = Debug|Any CPU
		{FEC67D1A-FBC1-4EB8-821F-8F5CD7EFD5B2}.Debug|ARM.Build.0 = Debug|Any CPU
		{FEC67D1A-FBC1-4EB8-821F-8F5CD7EFD5B2}.Debug|x64.ActiveCfg = Debug|Any CPU
		{FEC67D1A-FBC1-4EB8-821F-8F5CD7EFD5B2}.Debug|x64.Build.0 = Debug|Any CPU
		{FEC67D1A-FBC1-4EB8-821F-8F5CD7EFD5B2}.Debug|x86.ActiveCfg = Debug|Any CPU
		{FEC67D1A-FBC1-4EB8-821F-8F5CD7EFD5B2}.Debug|x86.Build.0 = Debug|Any CPU
		{FEC67D1A-FBC1-4EB8-821F-8F5CD7EFD5B2}.Release|Any CPU.ActiveCfg = Release|Any CPU
		{FEC67D1A-FBC1-4EB8-821F-8F5CD7EFD5B2}.Release|Any CPU.Build.0 = Release|Any CPU
		{FEC67D1A-FBC1-4EB8-821F-8F5CD7EFD5B2}.Release|ARM.ActiveCfg = Release|Any CPU
		{FEC67D1A-FBC1-4EB8-821F-8F5CD7EFD5B2}.Release|ARM.Build.0 = Release|Any CPU
		{FEC67D1A-FBC1-4EB8-821F-8F5CD7EFD5B2}.Release|x64.ActiveCfg = Release|Any CPU
		{FEC67D1A-FBC1-4EB8-821F-8F5CD7EFD5B2}.Release|x64.Build.0 = Release|Any CPU
		{FEC67D1A-FBC1-4EB8-821F-8F5CD7EFD5B2}.Release|x86.ActiveCfg = Release|Any CPU
		{FEC67D1A-FBC1-4EB8-821F-8F5CD7EFD5B2}.Release|x86.Build.0 = Release|Any CPU
		{807D8029-2EDC-4836-95D7-73A3465E23E7}.Debug|Any CPU.ActiveCfg = Debug|Any CPU
		{807D8029-2EDC-4836-95D7-73A3465E23E7}.Debug|Any CPU.Build.0 = Debug|Any CPU
		{807D8029-2EDC-4836-95D7-73A3465E23E7}.Debug|ARM.ActiveCfg = Debug|Any CPU
		{807D8029-2EDC-4836-95D7-73A3465E23E7}.Debug|ARM.Build.0 = Debug|Any CPU
		{807D8029-2EDC-4836-95D7-73A3465E23E7}.Debug|x64.ActiveCfg = Debug|Any CPU
		{807D8029-2EDC-4836-95D7-73A3465E23E7}.Debug|x64.Build.0 = Debug|Any CPU
		{807D8029-2EDC-4836-95D7-73A3465E23E7}.Debug|x86.ActiveCfg = Debug|Any CPU
		{807D8029-2EDC-4836-95D7-73A3465E23E7}.Debug|x86.Build.0 = Debug|Any CPU
		{807D8029-2EDC-4836-95D7-73A3465E23E7}.Release|Any CPU.ActiveCfg = Release|Any CPU
		{807D8029-2EDC-4836-95D7-73A3465E23E7}.Release|Any CPU.Build.0 = Release|Any CPU
		{807D8029-2EDC-4836-95D7-73A3465E23E7}.Release|ARM.ActiveCfg = Release|Any CPU
		{807D8029-2EDC-4836-95D7-73A3465E23E7}.Release|ARM.Build.0 = Release|Any CPU
		{807D8029-2EDC-4836-95D7-73A3465E23E7}.Release|x64.ActiveCfg = Release|Any CPU
		{807D8029-2EDC-4836-95D7-73A3465E23E7}.Release|x64.Build.0 = Release|Any CPU
		{807D8029-2EDC-4836-95D7-73A3465E23E7}.Release|x86.ActiveCfg = Release|Any CPU
		{807D8029-2EDC-4836-95D7-73A3465E23E7}.Release|x86.Build.0 = Release|Any CPU
		{43F6E4A0-21A4-4B2A-8EFF-CFB2404C2C55}.Debug|Any CPU.ActiveCfg = Debug|Any CPU
		{43F6E4A0-21A4-4B2A-8EFF-CFB2404C2C55}.Debug|Any CPU.Build.0 = Debug|Any CPU
		{43F6E4A0-21A4-4B2A-8EFF-CFB2404C2C55}.Debug|ARM.ActiveCfg = Debug|Any CPU
		{43F6E4A0-21A4-4B2A-8EFF-CFB2404C2C55}.Debug|ARM.Build.0 = Debug|Any CPU
		{43F6E4A0-21A4-4B2A-8EFF-CFB2404C2C55}.Debug|x64.ActiveCfg = Debug|Any CPU
		{43F6E4A0-21A4-4B2A-8EFF-CFB2404C2C55}.Debug|x64.Build.0 = Debug|Any CPU
		{43F6E4A0-21A4-4B2A-8EFF-CFB2404C2C55}.Debug|x86.ActiveCfg = Debug|Any CPU
		{43F6E4A0-21A4-4B2A-8EFF-CFB2404C2C55}.Debug|x86.Build.0 = Debug|Any CPU
		{43F6E4A0-21A4-4B2A-8EFF-CFB2404C2C55}.Release|Any CPU.ActiveCfg = Release|Any CPU
		{43F6E4A0-21A4-4B2A-8EFF-CFB2404C2C55}.Release|Any CPU.Build.0 = Release|Any CPU
		{43F6E4A0-21A4-4B2A-8EFF-CFB2404C2C55}.Release|ARM.ActiveCfg = Release|Any CPU
		{43F6E4A0-21A4-4B2A-8EFF-CFB2404C2C55}.Release|ARM.Build.0 = Release|Any CPU
		{43F6E4A0-21A4-4B2A-8EFF-CFB2404C2C55}.Release|x64.ActiveCfg = Release|Any CPU
		{43F6E4A0-21A4-4B2A-8EFF-CFB2404C2C55}.Release|x64.Build.0 = Release|Any CPU
		{43F6E4A0-21A4-4B2A-8EFF-CFB2404C2C55}.Release|x86.ActiveCfg = Release|Any CPU
		{43F6E4A0-21A4-4B2A-8EFF-CFB2404C2C55}.Release|x86.Build.0 = Release|Any CPU
		{D7446E01-3E78-4BE1-B0F2-34DB9ED6394A}.Debug|Any CPU.ActiveCfg = Debug|Any CPU
		{D7446E01-3E78-4BE1-B0F2-34DB9ED6394A}.Debug|Any CPU.Build.0 = Debug|Any CPU
		{D7446E01-3E78-4BE1-B0F2-34DB9ED6394A}.Debug|ARM.ActiveCfg = Debug|Any CPU
		{D7446E01-3E78-4BE1-B0F2-34DB9ED6394A}.Debug|ARM.Build.0 = Debug|Any CPU
		{D7446E01-3E78-4BE1-B0F2-34DB9ED6394A}.Debug|x64.ActiveCfg = Debug|Any CPU
		{D7446E01-3E78-4BE1-B0F2-34DB9ED6394A}.Debug|x64.Build.0 = Debug|Any CPU
		{D7446E01-3E78-4BE1-B0F2-34DB9ED6394A}.Debug|x86.ActiveCfg = Debug|Any CPU
		{D7446E01-3E78-4BE1-B0F2-34DB9ED6394A}.Debug|x86.Build.0 = Debug|Any CPU
		{D7446E01-3E78-4BE1-B0F2-34DB9ED6394A}.Release|Any CPU.ActiveCfg = Release|Any CPU
		{D7446E01-3E78-4BE1-B0F2-34DB9ED6394A}.Release|Any CPU.Build.0 = Release|Any CPU
		{D7446E01-3E78-4BE1-B0F2-34DB9ED6394A}.Release|ARM.ActiveCfg = Release|Any CPU
		{D7446E01-3E78-4BE1-B0F2-34DB9ED6394A}.Release|ARM.Build.0 = Release|Any CPU
		{D7446E01-3E78-4BE1-B0F2-34DB9ED6394A}.Release|x64.ActiveCfg = Release|Any CPU
		{D7446E01-3E78-4BE1-B0F2-34DB9ED6394A}.Release|x64.Build.0 = Release|Any CPU
		{D7446E01-3E78-4BE1-B0F2-34DB9ED6394A}.Release|x86.ActiveCfg = Release|Any CPU
		{D7446E01-3E78-4BE1-B0F2-34DB9ED6394A}.Release|x86.Build.0 = Release|Any CPU
		{D676DCAC-5777-4282-B5D9-90AA162CBDD7}.Debug|Any CPU.ActiveCfg = Debug|Any CPU
		{D676DCAC-5777-4282-B5D9-90AA162CBDD7}.Debug|Any CPU.Build.0 = Debug|Any CPU
		{D676DCAC-5777-4282-B5D9-90AA162CBDD7}.Debug|ARM.ActiveCfg = Debug|Any CPU
		{D676DCAC-5777-4282-B5D9-90AA162CBDD7}.Debug|ARM.Build.0 = Debug|Any CPU
		{D676DCAC-5777-4282-B5D9-90AA162CBDD7}.Debug|x64.ActiveCfg = Debug|Any CPU
		{D676DCAC-5777-4282-B5D9-90AA162CBDD7}.Debug|x64.Build.0 = Debug|Any CPU
		{D676DCAC-5777-4282-B5D9-90AA162CBDD7}.Debug|x86.ActiveCfg = Debug|Any CPU
		{D676DCAC-5777-4282-B5D9-90AA162CBDD7}.Debug|x86.Build.0 = Debug|Any CPU
		{D676DCAC-5777-4282-B5D9-90AA162CBDD7}.Release|Any CPU.ActiveCfg = Release|Any CPU
		{D676DCAC-5777-4282-B5D9-90AA162CBDD7}.Release|Any CPU.Build.0 = Release|Any CPU
		{D676DCAC-5777-4282-B5D9-90AA162CBDD7}.Release|ARM.ActiveCfg = Release|Any CPU
		{D676DCAC-5777-4282-B5D9-90AA162CBDD7}.Release|ARM.Build.0 = Release|Any CPU
		{D676DCAC-5777-4282-B5D9-90AA162CBDD7}.Release|x64.ActiveCfg = Release|Any CPU
		{D676DCAC-5777-4282-B5D9-90AA162CBDD7}.Release|x64.Build.0 = Release|Any CPU
		{D676DCAC-5777-4282-B5D9-90AA162CBDD7}.Release|x86.ActiveCfg = Release|Any CPU
		{D676DCAC-5777-4282-B5D9-90AA162CBDD7}.Release|x86.Build.0 = Release|Any CPU
		{7982DD8A-161B-4F97-9A89-A2F06E6AAC08}.Debug|Any CPU.ActiveCfg = Debug|Any CPU
		{7982DD8A-161B-4F97-9A89-A2F06E6AAC08}.Debug|Any CPU.Build.0 = Debug|Any CPU
		{7982DD8A-161B-4F97-9A89-A2F06E6AAC08}.Debug|ARM.ActiveCfg = Debug|Any CPU
		{7982DD8A-161B-4F97-9A89-A2F06E6AAC08}.Debug|ARM.Build.0 = Debug|Any CPU
		{7982DD8A-161B-4F97-9A89-A2F06E6AAC08}.Debug|x64.ActiveCfg = Debug|Any CPU
		{7982DD8A-161B-4F97-9A89-A2F06E6AAC08}.Debug|x64.Build.0 = Debug|Any CPU
		{7982DD8A-161B-4F97-9A89-A2F06E6AAC08}.Debug|x86.ActiveCfg = Debug|Any CPU
		{7982DD8A-161B-4F97-9A89-A2F06E6AAC08}.Debug|x86.Build.0 = Debug|Any CPU
		{7982DD8A-161B-4F97-9A89-A2F06E6AAC08}.Release|Any CPU.ActiveCfg = Release|Any CPU
		{7982DD8A-161B-4F97-9A89-A2F06E6AAC08}.Release|Any CPU.Build.0 = Release|Any CPU
		{7982DD8A-161B-4F97-9A89-A2F06E6AAC08}.Release|ARM.ActiveCfg = Release|Any CPU
		{7982DD8A-161B-4F97-9A89-A2F06E6AAC08}.Release|ARM.Build.0 = Release|Any CPU
		{7982DD8A-161B-4F97-9A89-A2F06E6AAC08}.Release|x64.ActiveCfg = Release|Any CPU
		{7982DD8A-161B-4F97-9A89-A2F06E6AAC08}.Release|x64.Build.0 = Release|Any CPU
		{7982DD8A-161B-4F97-9A89-A2F06E6AAC08}.Release|x86.ActiveCfg = Release|Any CPU
		{7982DD8A-161B-4F97-9A89-A2F06E6AAC08}.Release|x86.Build.0 = Release|Any CPU
		{14086DA8-562C-4855-BE30-80BB78EFCEC4}.Debug|Any CPU.ActiveCfg = Debug|Any CPU
		{14086DA8-562C-4855-BE30-80BB78EFCEC4}.Debug|Any CPU.Build.0 = Debug|Any CPU
		{14086DA8-562C-4855-BE30-80BB78EFCEC4}.Debug|ARM.ActiveCfg = Debug|Any CPU
		{14086DA8-562C-4855-BE30-80BB78EFCEC4}.Debug|ARM.Build.0 = Debug|Any CPU
		{14086DA8-562C-4855-BE30-80BB78EFCEC4}.Debug|x64.ActiveCfg = Debug|Any CPU
		{14086DA8-562C-4855-BE30-80BB78EFCEC4}.Debug|x64.Build.0 = Debug|Any CPU
		{14086DA8-562C-4855-BE30-80BB78EFCEC4}.Debug|x86.ActiveCfg = Debug|Any CPU
		{14086DA8-562C-4855-BE30-80BB78EFCEC4}.Debug|x86.Build.0 = Debug|Any CPU
		{14086DA8-562C-4855-BE30-80BB78EFCEC4}.Release|Any CPU.ActiveCfg = Release|Any CPU
		{14086DA8-562C-4855-BE30-80BB78EFCEC4}.Release|Any CPU.Build.0 = Release|Any CPU
		{14086DA8-562C-4855-BE30-80BB78EFCEC4}.Release|ARM.ActiveCfg = Release|Any CPU
		{14086DA8-562C-4855-BE30-80BB78EFCEC4}.Release|ARM.Build.0 = Release|Any CPU
		{14086DA8-562C-4855-BE30-80BB78EFCEC4}.Release|x64.ActiveCfg = Release|Any CPU
		{14086DA8-562C-4855-BE30-80BB78EFCEC4}.Release|x64.Build.0 = Release|Any CPU
		{14086DA8-562C-4855-BE30-80BB78EFCEC4}.Release|x86.ActiveCfg = Release|Any CPU
		{14086DA8-562C-4855-BE30-80BB78EFCEC4}.Release|x86.Build.0 = Release|Any CPU
		{43C8A88E-784F-4DD8-B5FE-567280C6F451}.Debug|Any CPU.ActiveCfg = Debug|Any CPU
		{43C8A88E-784F-4DD8-B5FE-567280C6F451}.Debug|Any CPU.Build.0 = Debug|Any CPU
		{43C8A88E-784F-4DD8-B5FE-567280C6F451}.Debug|ARM.ActiveCfg = Debug|Any CPU
		{43C8A88E-784F-4DD8-B5FE-567280C6F451}.Debug|ARM.Build.0 = Debug|Any CPU
		{43C8A88E-784F-4DD8-B5FE-567280C6F451}.Debug|x64.ActiveCfg = Debug|Any CPU
		{43C8A88E-784F-4DD8-B5FE-567280C6F451}.Debug|x64.Build.0 = Debug|Any CPU
		{43C8A88E-784F-4DD8-B5FE-567280C6F451}.Debug|x86.ActiveCfg = Debug|Any CPU
		{43C8A88E-784F-4DD8-B5FE-567280C6F451}.Debug|x86.Build.0 = Debug|Any CPU
		{43C8A88E-784F-4DD8-B5FE-567280C6F451}.Release|Any CPU.ActiveCfg = Release|Any CPU
		{43C8A88E-784F-4DD8-B5FE-567280C6F451}.Release|Any CPU.Build.0 = Release|Any CPU
		{43C8A88E-784F-4DD8-B5FE-567280C6F451}.Release|ARM.ActiveCfg = Release|Any CPU
		{43C8A88E-784F-4DD8-B5FE-567280C6F451}.Release|ARM.Build.0 = Release|Any CPU
		{43C8A88E-784F-4DD8-B5FE-567280C6F451}.Release|x64.ActiveCfg = Release|Any CPU
		{43C8A88E-784F-4DD8-B5FE-567280C6F451}.Release|x64.Build.0 = Release|Any CPU
		{43C8A88E-784F-4DD8-B5FE-567280C6F451}.Release|x86.ActiveCfg = Release|Any CPU
		{43C8A88E-784F-4DD8-B5FE-567280C6F451}.Release|x86.Build.0 = Release|Any CPU
		{45AC5B46-80F3-4248-B8AE-91432A86928F}.Debug|Any CPU.ActiveCfg = Debug|Any CPU
		{45AC5B46-80F3-4248-B8AE-91432A86928F}.Debug|Any CPU.Build.0 = Debug|Any CPU
		{45AC5B46-80F3-4248-B8AE-91432A86928F}.Debug|ARM.ActiveCfg = Debug|Any CPU
		{45AC5B46-80F3-4248-B8AE-91432A86928F}.Debug|ARM.Build.0 = Debug|Any CPU
		{45AC5B46-80F3-4248-B8AE-91432A86928F}.Debug|x64.ActiveCfg = Debug|Any CPU
		{45AC5B46-80F3-4248-B8AE-91432A86928F}.Debug|x64.Build.0 = Debug|Any CPU
		{45AC5B46-80F3-4248-B8AE-91432A86928F}.Debug|x86.ActiveCfg = Debug|Any CPU
		{45AC5B46-80F3-4248-B8AE-91432A86928F}.Debug|x86.Build.0 = Debug|Any CPU
		{45AC5B46-80F3-4248-B8AE-91432A86928F}.Release|Any CPU.ActiveCfg = Release|Any CPU
		{45AC5B46-80F3-4248-B8AE-91432A86928F}.Release|Any CPU.Build.0 = Release|Any CPU
		{45AC5B46-80F3-4248-B8AE-91432A86928F}.Release|ARM.ActiveCfg = Release|Any CPU
		{45AC5B46-80F3-4248-B8AE-91432A86928F}.Release|ARM.Build.0 = Release|Any CPU
		{45AC5B46-80F3-4248-B8AE-91432A86928F}.Release|x64.ActiveCfg = Release|Any CPU
		{45AC5B46-80F3-4248-B8AE-91432A86928F}.Release|x64.Build.0 = Release|Any CPU
		{45AC5B46-80F3-4248-B8AE-91432A86928F}.Release|x86.ActiveCfg = Release|Any CPU
		{45AC5B46-80F3-4248-B8AE-91432A86928F}.Release|x86.Build.0 = Release|Any CPU
		{398AD93F-7E87-4582-84B9-E195ED04A6D5}.Debug|Any CPU.ActiveCfg = Debug|Any CPU
		{398AD93F-7E87-4582-84B9-E195ED04A6D5}.Debug|Any CPU.Build.0 = Debug|Any CPU
		{398AD93F-7E87-4582-84B9-E195ED04A6D5}.Debug|ARM.ActiveCfg = Debug|Any CPU
		{398AD93F-7E87-4582-84B9-E195ED04A6D5}.Debug|ARM.Build.0 = Debug|Any CPU
		{398AD93F-7E87-4582-84B9-E195ED04A6D5}.Debug|x64.ActiveCfg = Debug|Any CPU
		{398AD93F-7E87-4582-84B9-E195ED04A6D5}.Debug|x64.Build.0 = Debug|Any CPU
		{398AD93F-7E87-4582-84B9-E195ED04A6D5}.Debug|x86.ActiveCfg = Debug|Any CPU
		{398AD93F-7E87-4582-84B9-E195ED04A6D5}.Debug|x86.Build.0 = Debug|Any CPU
		{398AD93F-7E87-4582-84B9-E195ED04A6D5}.Release|Any CPU.ActiveCfg = Release|Any CPU
		{398AD93F-7E87-4582-84B9-E195ED04A6D5}.Release|Any CPU.Build.0 = Release|Any CPU
		{398AD93F-7E87-4582-84B9-E195ED04A6D5}.Release|ARM.ActiveCfg = Release|Any CPU
		{398AD93F-7E87-4582-84B9-E195ED04A6D5}.Release|ARM.Build.0 = Release|Any CPU
		{398AD93F-7E87-4582-84B9-E195ED04A6D5}.Release|x64.ActiveCfg = Release|Any CPU
		{398AD93F-7E87-4582-84B9-E195ED04A6D5}.Release|x64.Build.0 = Release|Any CPU
		{398AD93F-7E87-4582-84B9-E195ED04A6D5}.Release|x86.ActiveCfg = Release|Any CPU
		{398AD93F-7E87-4582-84B9-E195ED04A6D5}.Release|x86.Build.0 = Release|Any CPU
	EndGlobalSection
	GlobalSection(SolutionProperties) = preSolution
		HideSolutionNode = FALSE
	EndGlobalSection
	GlobalSection(NestedProjects) = preSolution
		{5D88A6C5-D52C-4811-AB08-8DA8B55A0095} = {4FD16D89-4378-4DED-9FAD-44D4DA044016}
		{370499AC-B28D-4394-9F9D-4054E7D4339B} = {4FD16D89-4378-4DED-9FAD-44D4DA044016}
		{20A11646-D5FF-436C-84F5-DA7CB2400A9B} = {4FD16D89-4378-4DED-9FAD-44D4DA044016}
		{505B3C73-0BA0-451C-B2FD-22A64BF1DBD5} = {4FD16D89-4378-4DED-9FAD-44D4DA044016}
		{28B12063-BF63-4021-B703-156DA9D74970} = {4FD16D89-4378-4DED-9FAD-44D4DA044016}
		{1E1A533F-0DE6-486A-AB26-4259927B7305} = {4FD16D89-4378-4DED-9FAD-44D4DA044016}
		{74018948-8466-4771-A7FB-C65BC25DE9B3} = {4FD16D89-4378-4DED-9FAD-44D4DA044016}
		{AC2D40D7-F578-4BC4-8020-556876CB42A1} = {4FD16D89-4378-4DED-9FAD-44D4DA044016}
		{13262055-B378-4E77-8BDF-0A344885F39B} = {4FD16D89-4378-4DED-9FAD-44D4DA044016}
		{D46E70CE-9826-4980-B3CA-FE2BE07B48E7} = {4FD16D89-4378-4DED-9FAD-44D4DA044016}
		{43E7C34B-7525-43B3-9D14-B19D3999D150} = {4FD16D89-4378-4DED-9FAD-44D4DA044016}
		{D56BDEC1-422C-4072-A4B2-6423FD63EF8E} = {81D10C51-28F9-417D-A6DD-9A83DA5F5E70}
		{EC7126DC-1CC6-49F7-A090-F2B85454C5E0} = {81D10C51-28F9-417D-A6DD-9A83DA5F5E70}
		{3F12317B-731C-4B20-B2BC-DABDEBC88C24} = {09527962-F123-432F-93DE-AE7A48E0CB3D}
		{A5C83269-72C0-414C-B9AB-A936FDBA683B} = {4FD16D89-4378-4DED-9FAD-44D4DA044016}
		{015EB1D1-1D8F-4B81-935B-DD6E00725A69} = {4FD16D89-4378-4DED-9FAD-44D4DA044016}
		{953E3CE3-6856-4696-A2C6-86E213BFEB09} = {4FD16D89-4378-4DED-9FAD-44D4DA044016}
		{F0BD262E-76C6-4159-B720-0E0D04ABBBC4} = {4FD16D89-4378-4DED-9FAD-44D4DA044016}
		{C500F01E-C5A4-4EFF-B010-EA8008637427} = {4FD16D89-4378-4DED-9FAD-44D4DA044016}
		{D7ABDC45-4E95-4E0F-A1D7-A39BA28319B9} = {81D10C51-28F9-417D-A6DD-9A83DA5F5E70}
		{0DE8BD6E-F7C9-4CF4-AEAA-0D2C769E56CC} = {4FD16D89-4378-4DED-9FAD-44D4DA044016}
		{1F887CD6-1C5A-436B-9C5E-19F7585CEE97} = {09527962-F123-432F-93DE-AE7A48E0CB3D}
		{DD50931E-072C-4243-9BDC-671C81112B35} = {4FD16D89-4378-4DED-9FAD-44D4DA044016}
		{D1AAD36A-EAB1-4890-965B-2F277570E2CA} = {4FD16D89-4378-4DED-9FAD-44D4DA044016}
		{FEC67D1A-FBC1-4EB8-821F-8F5CD7EFD5B2} = {4FD16D89-4378-4DED-9FAD-44D4DA044016}
		{807D8029-2EDC-4836-95D7-73A3465E23E7} = {4FD16D89-4378-4DED-9FAD-44D4DA044016}
		{43F6E4A0-21A4-4B2A-8EFF-CFB2404C2C55} = {812C6838-CEB8-4FCE-B881-232DDBBA4FF8}
		{D7446E01-3E78-4BE1-B0F2-34DB9ED6394A} = {4FD16D89-4378-4DED-9FAD-44D4DA044016}
		{D676DCAC-5777-4282-B5D9-90AA162CBDD7} = {4FD16D89-4378-4DED-9FAD-44D4DA044016}
		{7982DD8A-161B-4F97-9A89-A2F06E6AAC08} = {4FD16D89-4378-4DED-9FAD-44D4DA044016}
		{14086DA8-562C-4855-BE30-80BB78EFCEC4} = {5CA2FC33-2426-42A8-9FE2-B3E7DFA63F74}
		{43C8A88E-784F-4DD8-B5FE-567280C6F451} = {5CA2FC33-2426-42A8-9FE2-B3E7DFA63F74}
		{45AC5B46-80F3-4248-B8AE-91432A86928F} = {5CA2FC33-2426-42A8-9FE2-B3E7DFA63F74}
		{398AD93F-7E87-4582-84B9-E195ED04A6D5} = {4FD16D89-4378-4DED-9FAD-44D4DA044016}
	EndGlobalSection
	GlobalSection(ExtensibilityGlobals) = postSolution
		SolutionGuid = {FE2B4C8E-5282-4ABB-AD20-D233B56464DF}
	EndGlobalSection
EndGlobal
